// !$*UTF8*$!
{
	archiveVersion = 1;
	classes = {
	};
	objectVersion = 46;
	objects = {

/* Begin PBXBuildFile section */
		6BF2AC2A1859571B00414672 /* Cocoa.framework in Frameworks */ = {isa = PBXBuildFile; fileRef = 6BF2AC291859571B00414672 /* Cocoa.framework */; };
		6BF2AC341859571B00414672 /* InfoPlist.strings in Resources */ = {isa = PBXBuildFile; fileRef = 6BF2AC321859571B00414672 /* InfoPlist.strings */; };
		6BF2AC361859571B00414672 /* main.cpp in Sources */ = {isa = PBXBuildFile; fileRef = 6BF2AC351859571B00414672 /* main.cpp */; };
		6BF2AC3A1859571B00414672 /* Credits.rtf in Resources */ = {isa = PBXBuildFile; fileRef = 6BF2AC381859571B00414672 /* Credits.rtf */; };
		6BF2AC401859571B00414672 /* MainMenu.xib in Resources */ = {isa = PBXBuildFile; fileRef = 6BF2AC3E1859571B00414672 /* MainMenu.xib */; };
		6BF2AC421859571B00414672 /* Images.xcassets in Resources */ = {isa = PBXBuildFile; fileRef = 6BF2AC411859571B00414672 /* Images.xcassets */; };
		6BF2AC491859571B00414672 /* XCTest.framework in Frameworks */ = {isa = PBXBuildFile; fileRef = 6BF2AC481859571B00414672 /* XCTest.framework */; };
		6BF2AC4A1859571B00414672 /* Cocoa.framework in Frameworks */ = {isa = PBXBuildFile; fileRef = 6BF2AC291859571B00414672 /* Cocoa.framework */; };
		6BF2AC521859571B00414672 /* InfoPlist.strings in Resources */ = {isa = PBXBuildFile; fileRef = 6BF2AC501859571B00414672 /* InfoPlist.strings */; };
		6BF2AC541859571B00414672 /* PicoPicoCocos2dxTests.m in Sources */ = {isa = PBXBuildFile; fileRef = 6BF2AC531859571B00414672 /* PicoPicoCocos2dxTests.m */; };
		6BF2AC691859584D00414672 /* libcurl.dylib in Frameworks */ = {isa = PBXBuildFile; fileRef = 6BF2AC5F1859584D00414672 /* libcurl.dylib */; };
		6BF2AC6A1859584D00414672 /* libz.dylib in Frameworks */ = {isa = PBXBuildFile; fileRef = 6BF2AC601859584D00414672 /* libz.dylib */; };
		6BF2AC6B1859584D00414672 /* IOKit.framework in Frameworks */ = {isa = PBXBuildFile; fileRef = 6BF2AC611859584D00414672 /* IOKit.framework */; };
		6BF2ADCC18595FA600414672 /* Foundation.framework in Frameworks */ = {isa = PBXBuildFile; fileRef = 6BF2AC2E1859571B00414672 /* Foundation.framework */; };
		6BF2ADD01859647000414672 /* AudioToolbox.framework in Frameworks */ = {isa = PBXBuildFile; fileRef = 6BF2ADCF1859647000414672 /* AudioToolbox.framework */; };
		6BF2ADD21859647900414672 /* ApplicationServices.framework in Frameworks */ = {isa = PBXBuildFile; fileRef = 6BF2ADD11859647900414672 /* ApplicationServices.framework */; };
		6BF2ADD41859648100414672 /* OpenAL.framework in Frameworks */ = {isa = PBXBuildFile; fileRef = 6BF2ADD31859648100414672 /* OpenAL.framework */; };
		6BF2ADD61859648800414672 /* QuartzCore.framework in Frameworks */ = {isa = PBXBuildFile; fileRef = 6BF2ADD51859648800414672 /* QuartzCore.framework */; };
		6BF2ADD81859648F00414672 /* OpenGL.framework in Frameworks */ = {isa = PBXBuildFile; fileRef = 6BF2ADD71859648F00414672 /* OpenGL.framework */; };
		6BF2AE031859672F00414672 /* libcocos2dx Mac.a in Frameworks */ = {isa = PBXBuildFile; fileRef = 6BF2AE011859672F00414672 /* libcocos2dx Mac.a */; };
		6BF2AE091859689600414672 /* HelloWorld.png in Resources */ = {isa = PBXBuildFile; fileRef = 6BF2AE081859689600414672 /* HelloWorld.png */; };
		6BF2AE0C185968CC00414672 /* AppDelegate.cpp in Sources */ = {isa = PBXBuildFile; fileRef = 6BF2AC711859586F00414672 /* AppDelegate.cpp */; };
		6BF2AE0D185968CC00414672 /* main.cpp in Sources */ = {isa = PBXBuildFile; fileRef = 6BF2AC351859571B00414672 /* main.cpp */; };
		6BF2AE0E185968CC00414672 /* HelloWorldScene.cpp in Sources */ = {isa = PBXBuildFile; fileRef = 6BF2AC741859586F00414672 /* HelloWorldScene.cpp */; };
		6BF2AE10185968CC00414672 /* OpenGL.framework in Frameworks */ = {isa = PBXBuildFile; fileRef = 6BF2ADD71859648F00414672 /* OpenGL.framework */; };
		6BF2AE11185968CC00414672 /* QuartzCore.framework in Frameworks */ = {isa = PBXBuildFile; fileRef = 6BF2ADD51859648800414672 /* QuartzCore.framework */; };
		6BF2AE12185968CC00414672 /* OpenAL.framework in Frameworks */ = {isa = PBXBuildFile; fileRef = 6BF2ADD31859648100414672 /* OpenAL.framework */; };
		6BF2AE13185968CC00414672 /* libcocos2dx Mac.a in Frameworks */ = {isa = PBXBuildFile; fileRef = 6BF2AE011859672F00414672 /* libcocos2dx Mac.a */; };
		6BF2AE14185968CC00414672 /* ApplicationServices.framework in Frameworks */ = {isa = PBXBuildFile; fileRef = 6BF2ADD11859647900414672 /* ApplicationServices.framework */; };
		6BF2AE15185968CC00414672 /* AudioToolbox.framework in Frameworks */ = {isa = PBXBuildFile; fileRef = 6BF2ADCF1859647000414672 /* AudioToolbox.framework */; };
		6BF2AE16185968CC00414672 /* libcurl.dylib in Frameworks */ = {isa = PBXBuildFile; fileRef = 6BF2AC5F1859584D00414672 /* libcurl.dylib */; };
		6BF2AE17185968CC00414672 /* libz.dylib in Frameworks */ = {isa = PBXBuildFile; fileRef = 6BF2AC601859584D00414672 /* libz.dylib */; };
		6BF2AE18185968CC00414672 /* Foundation.framework in Frameworks */ = {isa = PBXBuildFile; fileRef = 6BF2AC2E1859571B00414672 /* Foundation.framework */; };
		6BF2AE19185968CC00414672 /* Cocoa.framework in Frameworks */ = {isa = PBXBuildFile; fileRef = 6BF2AC291859571B00414672 /* Cocoa.framework */; };
		6BF2AE1A185968CC00414672 /* IOKit.framework in Frameworks */ = {isa = PBXBuildFile; fileRef = 6BF2AC611859584D00414672 /* IOKit.framework */; };
		6BF2AE1C185968CC00414672 /* HelloWorld.png in Resources */ = {isa = PBXBuildFile; fileRef = 6BF2AE081859689600414672 /* HelloWorld.png */; };
		6BF2AE1D185968CC00414672 /* InfoPlist.strings in Resources */ = {isa = PBXBuildFile; fileRef = 6BF2AC321859571B00414672 /* InfoPlist.strings */; };
		6BF2AE1E185968CC00414672 /* Images.xcassets in Resources */ = {isa = PBXBuildFile; fileRef = 6BF2AC411859571B00414672 /* Images.xcassets */; };
		6BF2AE1F185968CC00414672 /* Credits.rtf in Resources */ = {isa = PBXBuildFile; fileRef = 6BF2AC381859571B00414672 /* Credits.rtf */; };
		6BF2AE20185968CC00414672 /* MainMenu.xib in Resources */ = {isa = PBXBuildFile; fileRef = 6BF2AC3E1859571B00414672 /* MainMenu.xib */; };
		6BF2AE401859694000414672 /* Box2D.framework in Frameworks */ = {isa = PBXBuildFile; fileRef = 6BF2AE3F1859694000414672 /* Box2D.framework */; };
		6BF2AE421859694D00414672 /* CocosDenshion.framework in Frameworks */ = {isa = PBXBuildFile; fileRef = 6BF2AE411859694D00414672 /* CocosDenshion.framework */; };
		6BF2AE441859695800414672 /* FlMML.framework in Frameworks */ = {isa = PBXBuildFile; fileRef = 6BF2AE431859695800414672 /* FlMML.framework */; };
		6BF2AE461859697E00414672 /* freetype.framework in Frameworks */ = {isa = PBXBuildFile; fileRef = 6BF2AE451859697E00414672 /* freetype.framework */; };
		6BF2AE481859698C00414672 /* Lua.framework in Frameworks */ = {isa = PBXBuildFile; fileRef = 6BF2AE471859698C00414672 /* Lua.framework */; };
		6BF2AE4A1859699700414672 /* PicoGame.framework in Frameworks */ = {isa = PBXBuildFile; fileRef = 6BF2AE491859699700414672 /* PicoGame.framework */; };
		6BF2AE5B18596CBA00414672 /* AppDelegate.cpp in Sources */ = {isa = PBXBuildFile; fileRef = 6BF2AE4B18596CB900414672 /* AppDelegate.cpp */; };
		6BF2AE5C18596CBA00414672 /* Cocos2dxLuaLoader.cpp in Sources */ = {isa = PBXBuildFile; fileRef = 6BF2AE4D18596CB900414672 /* Cocos2dxLuaLoader.cpp */; };
		6BF2AE5D18596CBA00414672 /* Cocos2dxWrapper.cpp in Sources */ = {isa = PBXBuildFile; fileRef = 6BF2AE4F18596CB900414672 /* Cocos2dxWrapper.cpp */; };
		6BF2AE5F18596CBA00414672 /* PPGameScene.cpp in Sources */ = {isa = PBXBuildFile; fileRef = 6BF2AE5318596CB900414672 /* PPGameScene.cpp */; };
		6BF2AE6218596CBA00414672 /* PPSensorAndroid.cpp in Sources */ = {isa = PBXBuildFile; fileRef = 6BF2AE5718596CBA00414672 /* PPSensorAndroid.cpp */; };
		6BF2AE6518597A8700414672 /* AudioUnit.framework in Frameworks */ = {isa = PBXBuildFile; fileRef = 6BF2AE6418597A8700414672 /* AudioUnit.framework */; };
		6BF2AE6718597D6C00414672 /* Carbon.framework in Frameworks */ = {isa = PBXBuildFile; fileRef = 6BF2AE6618597D6C00414672 /* Carbon.framework */; };
		6BF2AE6918597DED00414672 /* GameData in Resources */ = {isa = PBXBuildFile; fileRef = 6BF2AE6818597DED00414672 /* GameData */; };
/* End PBXBuildFile section */

/* Begin PBXContainerItemProxy section */
		6BF2AC4B1859571B00414672 /* PBXContainerItemProxy */ = {
			isa = PBXContainerItemProxy;
			containerPortal = 6BF2AC1E1859571B00414672 /* Project object */;
			proxyType = 1;
			remoteGlobalIDString = 6BF2AC251859571B00414672;
			remoteInfo = PicoPicoCocos2dx;
		};
/* End PBXContainerItemProxy section */

/* Begin PBXFileReference section */
		6BC2EB631859BCFB008097EE /* picoShader_PositionTextureColor_vert.h */ = {isa = PBXFileReference; fileEncoding = 4; lastKnownFileType = sourcecode.c.h; path = picoShader_PositionTextureColor_vert.h; sourceTree = "<group>"; };
		6BF2AC261859571B00414672 /* PicoPicoCocos2dx.app */ = {isa = PBXFileReference; explicitFileType = wrapper.application; includeInIndex = 0; path = PicoPicoCocos2dx.app; sourceTree = BUILT_PRODUCTS_DIR; };
		6BF2AC291859571B00414672 /* Cocoa.framework */ = {isa = PBXFileReference; lastKnownFileType = wrapper.framework; name = Cocoa.framework; path = System/Library/Frameworks/Cocoa.framework; sourceTree = SDKROOT; };
		6BF2AC2C1859571B00414672 /* AppKit.framework */ = {isa = PBXFileReference; lastKnownFileType = wrapper.framework; name = AppKit.framework; path = System/Library/Frameworks/AppKit.framework; sourceTree = SDKROOT; };
		6BF2AC2D1859571B00414672 /* CoreData.framework */ = {isa = PBXFileReference; lastKnownFileType = wrapper.framework; name = CoreData.framework; path = System/Library/Frameworks/CoreData.framework; sourceTree = SDKROOT; };
		6BF2AC2E1859571B00414672 /* Foundation.framework */ = {isa = PBXFileReference; lastKnownFileType = wrapper.framework; name = Foundation.framework; path = System/Library/Frameworks/Foundation.framework; sourceTree = SDKROOT; };
		6BF2AC311859571B00414672 /* PicoPicoCocos2dx-Info.plist */ = {isa = PBXFileReference; lastKnownFileType = text.plist.xml; path = "PicoPicoCocos2dx-Info.plist"; sourceTree = "<group>"; };
		6BF2AC331859571B00414672 /* en */ = {isa = PBXFileReference; lastKnownFileType = text.plist.strings; name = en; path = en.lproj/InfoPlist.strings; sourceTree = "<group>"; };
		6BF2AC351859571B00414672 /* main.cpp */ = {isa = PBXFileReference; lastKnownFileType = sourcecode.cpp.cpp; path = main.cpp; sourceTree = "<group>"; };
		6BF2AC371859571B00414672 /* PicoPicoCocos2dx-Prefix.pch */ = {isa = PBXFileReference; lastKnownFileType = sourcecode.c.h; path = "PicoPicoCocos2dx-Prefix.pch"; sourceTree = "<group>"; };
		6BF2AC391859571B00414672 /* en */ = {isa = PBXFileReference; lastKnownFileType = text.rtf; name = en; path = en.lproj/Credits.rtf; sourceTree = "<group>"; };
		6BF2AC3F1859571B00414672 /* Base */ = {isa = PBXFileReference; lastKnownFileType = file.xib; name = Base; path = Base.lproj/MainMenu.xib; sourceTree = "<group>"; };
		6BF2AC411859571B00414672 /* Images.xcassets */ = {isa = PBXFileReference; lastKnownFileType = folder.assetcatalog; path = Images.xcassets; sourceTree = "<group>"; };
		6BF2AC471859571B00414672 /* PicoPicoCocos2dxTests.xctest */ = {isa = PBXFileReference; explicitFileType = wrapper.cfbundle; includeInIndex = 0; path = PicoPicoCocos2dxTests.xctest; sourceTree = BUILT_PRODUCTS_DIR; };
		6BF2AC481859571B00414672 /* XCTest.framework */ = {isa = PBXFileReference; lastKnownFileType = wrapper.framework; name = XCTest.framework; path = Library/Frameworks/XCTest.framework; sourceTree = DEVELOPER_DIR; };
		6BF2AC4F1859571B00414672 /* PicoPicoCocos2dxTests-Info.plist */ = {isa = PBXFileReference; lastKnownFileType = text.plist.xml; path = "PicoPicoCocos2dxTests-Info.plist"; sourceTree = "<group>"; };
		6BF2AC511859571B00414672 /* en */ = {isa = PBXFileReference; lastKnownFileType = text.plist.strings; name = en; path = en.lproj/InfoPlist.strings; sourceTree = "<group>"; };
		6BF2AC531859571B00414672 /* PicoPicoCocos2dxTests.m */ = {isa = PBXFileReference; lastKnownFileType = sourcecode.c.objc; path = PicoPicoCocos2dxTests.m; sourceTree = "<group>"; };
		6BF2AC5E1859584D00414672 /* libsqlite3.dylib */ = {isa = PBXFileReference; lastKnownFileType = "compiled.mach-o.dylib"; name = libsqlite3.dylib; path = usr/lib/libsqlite3.dylib; sourceTree = SDKROOT; };
		6BF2AC5F1859584D00414672 /* libcurl.dylib */ = {isa = PBXFileReference; lastKnownFileType = "compiled.mach-o.dylib"; name = libcurl.dylib; path = usr/lib/libcurl.dylib; sourceTree = SDKROOT; };
		6BF2AC601859584D00414672 /* libz.dylib */ = {isa = PBXFileReference; lastKnownFileType = "compiled.mach-o.dylib"; name = libz.dylib; path = Platforms/MacOSX.platform/Developer/SDKs/MacOSX10.8.sdk/usr/lib/libz.dylib; sourceTree = DEVELOPER_DIR; };
		6BF2AC611859584D00414672 /* IOKit.framework */ = {isa = PBXFileReference; lastKnownFileType = wrapper.framework; name = IOKit.framework; path = System/Library/Frameworks/IOKit.framework; sourceTree = SDKROOT; };
		6BF2AC711859586F00414672 /* AppDelegate.cpp */ = {isa = PBXFileReference; fileEncoding = 4; lastKnownFileType = sourcecode.cpp.cpp; path = AppDelegate.cpp; sourceTree = "<group>"; };
		6BF2AC721859586F00414672 /* AppDelegate.h */ = {isa = PBXFileReference; fileEncoding = 4; lastKnownFileType = sourcecode.c.h; path = AppDelegate.h; sourceTree = "<group>"; };
		6BF2AC731859586F00414672 /* AppMacros.h */ = {isa = PBXFileReference; fileEncoding = 4; lastKnownFileType = sourcecode.c.h; path = AppMacros.h; sourceTree = "<group>"; };
		6BF2AC741859586F00414672 /* HelloWorldScene.cpp */ = {isa = PBXFileReference; fileEncoding = 4; lastKnownFileType = sourcecode.cpp.cpp; path = HelloWorldScene.cpp; sourceTree = "<group>"; };
		6BF2AC751859586F00414672 /* HelloWorldScene.h */ = {isa = PBXFileReference; fileEncoding = 4; lastKnownFileType = sourcecode.c.h; path = HelloWorldScene.h; sourceTree = "<group>"; };
		6BF2ADCF1859647000414672 /* AudioToolbox.framework */ = {isa = PBXFileReference; lastKnownFileType = wrapper.framework; name = AudioToolbox.framework; path = System/Library/Frameworks/AudioToolbox.framework; sourceTree = SDKROOT; };
		6BF2ADD11859647900414672 /* ApplicationServices.framework */ = {isa = PBXFileReference; lastKnownFileType = wrapper.framework; name = ApplicationServices.framework; path = System/Library/Frameworks/ApplicationServices.framework; sourceTree = SDKROOT; };
		6BF2ADD31859648100414672 /* OpenAL.framework */ = {isa = PBXFileReference; lastKnownFileType = wrapper.framework; name = OpenAL.framework; path = System/Library/Frameworks/OpenAL.framework; sourceTree = SDKROOT; };
		6BF2ADD51859648800414672 /* QuartzCore.framework */ = {isa = PBXFileReference; lastKnownFileType = wrapper.framework; name = QuartzCore.framework; path = System/Library/Frameworks/QuartzCore.framework; sourceTree = SDKROOT; };
		6BF2ADD71859648F00414672 /* OpenGL.framework */ = {isa = PBXFileReference; lastKnownFileType = wrapper.framework; name = OpenGL.framework; path = System/Library/Frameworks/OpenGL.framework; sourceTree = SDKROOT; };
		6BF2AE011859672F00414672 /* libcocos2dx Mac.a */ = {isa = PBXFileReference; lastKnownFileType = archive.ar; path = "libcocos2dx Mac.a"; sourceTree = SOURCE_ROOT; };
		6BF2AE021859672F00414672 /* libCocosDenshion Mac.a */ = {isa = PBXFileReference; lastKnownFileType = archive.ar; path = "libCocosDenshion Mac.a"; sourceTree = SOURCE_ROOT; };
		6BF2AE081859689600414672 /* HelloWorld.png */ = {isa = PBXFileReference; lastKnownFileType = image.png; path = HelloWorld.png; sourceTree = "<group>"; };
		6BF2AE24185968CC00414672 /* PicoPicoCocos2dx copy.app */ = {isa = PBXFileReference; explicitFileType = wrapper.application; includeInIndex = 0; path = "PicoPicoCocos2dx copy.app"; sourceTree = BUILT_PRODUCTS_DIR; };
		6BF2AE25185968CD00414672 /* PicoPicoCocos2dx copy-Info.plist */ = {isa = PBXFileReference; lastKnownFileType = text.plist.xml; name = "PicoPicoCocos2dx copy-Info.plist"; path = "/Users/yamagame/Developer/GameDev/PicoPicoGameEngine/FullBuild/OSXCocos2dx/PicoPicoCocos2dx copy-Info.plist"; sourceTree = "<absolute>"; };
		6BF2AE3F1859694000414672 /* Box2D.framework */ = {isa = PBXFileReference; lastKnownFileType = wrapper.framework; name = Box2D.framework; path = ../../../Box2D/OSX/Box2D/Products/Box2D.framework; sourceTree = "<group>"; };
		6BF2AE411859694D00414672 /* CocosDenshion.framework */ = {isa = PBXFileReference; lastKnownFileType = wrapper.framework; name = CocosDenshion.framework; path = ../../../CocosDenshion/OSX/CocosDenshion/Products/CocosDenshion.framework; sourceTree = "<group>"; };
		6BF2AE431859695800414672 /* FlMML.framework */ = {isa = PBXFileReference; lastKnownFileType = wrapper.framework; name = FlMML.framework; path = ../../../FlMML/OSX/FlMML/Products/FlMML.framework; sourceTree = "<group>"; };
		6BF2AE451859697E00414672 /* freetype.framework */ = {isa = PBXFileReference; lastKnownFileType = wrapper.framework; name = freetype.framework; path = ../../../freetype/OSX/freetype/Products/freetype.framework; sourceTree = "<group>"; };
		6BF2AE471859698C00414672 /* Lua.framework */ = {isa = PBXFileReference; lastKnownFileType = wrapper.framework; name = Lua.framework; path = "../../../Lua5.2/OSX/Lua/Products-noIO/Lua.framework"; sourceTree = "<group>"; };
		6BF2AE491859699700414672 /* PicoGame.framework */ = {isa = PBXFileReference; lastKnownFileType = wrapper.framework; name = PicoGame.framework; path = ../../../PicoGame/OSX/PicoGame/Products/PicoGame.framework; sourceTree = "<group>"; };
		6BF2AE4B18596CB900414672 /* AppDelegate.cpp */ = {isa = PBXFileReference; fileEncoding = 4; lastKnownFileType = sourcecode.cpp.cpp; name = AppDelegate.cpp; path = src/AppDelegate.cpp; sourceTree = SOURCE_ROOT; };
		6BF2AE4C18596CB900414672 /* AppDelegate.h */ = {isa = PBXFileReference; fileEncoding = 4; lastKnownFileType = sourcecode.c.h; name = AppDelegate.h; path = src/AppDelegate.h; sourceTree = SOURCE_ROOT; };
		6BF2AE4D18596CB900414672 /* Cocos2dxLuaLoader.cpp */ = {isa = PBXFileReference; fileEncoding = 4; lastKnownFileType = sourcecode.cpp.cpp; name = Cocos2dxLuaLoader.cpp; path = src/Cocos2dxLuaLoader.cpp; sourceTree = SOURCE_ROOT; };
		6BF2AE4E18596CB900414672 /* Cocos2dxLuaLoader.h */ = {isa = PBXFileReference; fileEncoding = 4; lastKnownFileType = sourcecode.c.h; name = Cocos2dxLuaLoader.h; path = src/Cocos2dxLuaLoader.h; sourceTree = SOURCE_ROOT; };
		6BF2AE4F18596CB900414672 /* Cocos2dxWrapper.cpp */ = {isa = PBXFileReference; fileEncoding = 4; lastKnownFileType = sourcecode.cpp.cpp; name = Cocos2dxWrapper.cpp; path = src/Cocos2dxWrapper.cpp; sourceTree = SOURCE_ROOT; };
		6BF2AE5018596CB900414672 /* Cocos2dxWrapper.h */ = {isa = PBXFileReference; fileEncoding = 4; lastKnownFileType = sourcecode.c.h; name = Cocos2dxWrapper.h; path = src/Cocos2dxWrapper.h; sourceTree = SOURCE_ROOT; };
		6BF2AE5318596CB900414672 /* PPGameScene.cpp */ = {isa = PBXFileReference; fileEncoding = 4; indentWidth = 1; lastKnownFileType = sourcecode.cpp.cpp; name = PPGameScene.cpp; path = src/PPGameScene.cpp; sourceTree = SOURCE_ROOT; };
		6BF2AE5418596CB900414672 /* PPGameScene.h */ = {isa = PBXFileReference; fileEncoding = 4; lastKnownFileType = sourcecode.c.h; name = PPGameScene.h; path = src/PPGameScene.h; sourceTree = SOURCE_ROOT; };
		6BF2AE5518596CBA00414672 /* PPGameSoundAndroid.cpp */ = {isa = PBXFileReference; fileEncoding = 4; lastKnownFileType = sourcecode.cpp.cpp; name = PPGameSoundAndroid.cpp; path = src/PPGameSoundAndroid.cpp; sourceTree = SOURCE_ROOT; };
		6BF2AE5618596CBA00414672 /* PPGameUtilCocos2dx.cpp */ = {isa = PBXFileReference; fileEncoding = 4; lastKnownFileType = sourcecode.cpp.cpp; name = PPGameUtilCocos2dx.cpp; path = src/PPGameUtilCocos2dx.cpp; sourceTree = SOURCE_ROOT; };
		6BF2AE5718596CBA00414672 /* PPSensorAndroid.cpp */ = {isa = PBXFileReference; fileEncoding = 4; lastKnownFileType = sourcecode.cpp.cpp; name = PPSensorAndroid.cpp; path = src/PPSensorAndroid.cpp; sourceTree = SOURCE_ROOT; };
		6BF2AE5818596CBA00414672 /* PPSensorAndroid.h */ = {isa = PBXFileReference; fileEncoding = 4; lastKnownFileType = sourcecode.c.h; name = PPSensorAndroid.h; path = src/PPSensorAndroid.h; sourceTree = SOURCE_ROOT; };
		6BF2AE5918596CBA00414672 /* QBSoundAndroid.cpp */ = {isa = PBXFileReference; fileEncoding = 4; lastKnownFileType = sourcecode.cpp.cpp; name = QBSoundAndroid.cpp; path = src/QBSoundAndroid.cpp; sourceTree = SOURCE_ROOT; };
		6BF2AE5A18596CBA00414672 /* QBSoundAndroid.h */ = {isa = PBXFileReference; fileEncoding = 4; lastKnownFileType = sourcecode.c.h; name = QBSoundAndroid.h; path = src/QBSoundAndroid.h; sourceTree = SOURCE_ROOT; };
		6BF2AE6418597A8700414672 /* AudioUnit.framework */ = {isa = PBXFileReference; lastKnownFileType = wrapper.framework; name = AudioUnit.framework; path = System/Library/Frameworks/AudioUnit.framework; sourceTree = SDKROOT; };
		6BF2AE6618597D6C00414672 /* Carbon.framework */ = {isa = PBXFileReference; lastKnownFileType = wrapper.framework; name = Carbon.framework; path = System/Library/Frameworks/Carbon.framework; sourceTree = SDKROOT; };
		6BF2AE6818597DED00414672 /* GameData */ = {isa = PBXFileReference; lastKnownFileType = folder; path = GameData; sourceTree = SOURCE_ROOT; };
/* End PBXFileReference section */

/* Begin PBXFrameworksBuildPhase section */
		6BF2AC231859571B00414672 /* Frameworks */ = {
			isa = PBXFrameworksBuildPhase;
			buildActionMask = 2147483647;
			files = (
				6BF2AE6718597D6C00414672 /* Carbon.framework in Frameworks */,
				6BF2AE6518597A8700414672 /* AudioUnit.framework in Frameworks */,
				6BF2ADD81859648F00414672 /* OpenGL.framework in Frameworks */,
				6BF2ADD61859648800414672 /* QuartzCore.framework in Frameworks */,
				6BF2AE401859694000414672 /* Box2D.framework in Frameworks */,
				6BF2AE4A1859699700414672 /* PicoGame.framework in Frameworks */,
				6BF2AE421859694D00414672 /* CocosDenshion.framework in Frameworks */,
				6BF2ADD41859648100414672 /* OpenAL.framework in Frameworks */,
				6BF2AE031859672F00414672 /* libcocos2dx Mac.a in Frameworks */,
				6BF2AE461859697E00414672 /* freetype.framework in Frameworks */,
				6BF2ADD21859647900414672 /* ApplicationServices.framework in Frameworks */,
				6BF2ADD01859647000414672 /* AudioToolbox.framework in Frameworks */,
				6BF2AC691859584D00414672 /* libcurl.dylib in Frameworks */,
				6BF2AC6A1859584D00414672 /* libz.dylib in Frameworks */,
				6BF2AE481859698C00414672 /* Lua.framework in Frameworks */,
				6BF2ADCC18595FA600414672 /* Foundation.framework in Frameworks */,
				6BF2AC2A1859571B00414672 /* Cocoa.framework in Frameworks */,
				6BF2AC6B1859584D00414672 /* IOKit.framework in Frameworks */,
				6BF2AE441859695800414672 /* FlMML.framework in Frameworks */,
			);
			runOnlyForDeploymentPostprocessing = 0;
		};
		6BF2AC441859571B00414672 /* Frameworks */ = {
			isa = PBXFrameworksBuildPhase;
			buildActionMask = 2147483647;
			files = (
				6BF2AC4A1859571B00414672 /* Cocoa.framework in Frameworks */,
				6BF2AC491859571B00414672 /* XCTest.framework in Frameworks */,
			);
			runOnlyForDeploymentPostprocessing = 0;
		};
		6BF2AE0F185968CC00414672 /* Frameworks */ = {
			isa = PBXFrameworksBuildPhase;
			buildActionMask = 2147483647;
			files = (
				6BF2AE10185968CC00414672 /* OpenGL.framework in Frameworks */,
				6BF2AE11185968CC00414672 /* QuartzCore.framework in Frameworks */,
				6BF2AE12185968CC00414672 /* OpenAL.framework in Frameworks */,
				6BF2AE13185968CC00414672 /* libcocos2dx Mac.a in Frameworks */,
				6BF2AE14185968CC00414672 /* ApplicationServices.framework in Frameworks */,
				6BF2AE15185968CC00414672 /* AudioToolbox.framework in Frameworks */,
				6BF2AE16185968CC00414672 /* libcurl.dylib in Frameworks */,
				6BF2AE17185968CC00414672 /* libz.dylib in Frameworks */,
				6BF2AE18185968CC00414672 /* Foundation.framework in Frameworks */,
				6BF2AE19185968CC00414672 /* Cocoa.framework in Frameworks */,
				6BF2AE1A185968CC00414672 /* IOKit.framework in Frameworks */,
			);
			runOnlyForDeploymentPostprocessing = 0;
		};
/* End PBXFrameworksBuildPhase section */

/* Begin PBXGroup section */
		6BF2AC1D1859571B00414672 = {
			isa = PBXGroup;
			children = (
				6BF2AC2F1859571B00414672 /* PicoPicoCocos2dx */,
				6BF2AC4D1859571B00414672 /* PicoPicoCocos2dxTests */,
				6BF2AC281859571B00414672 /* Frameworks */,
				6BF2AC271859571B00414672 /* Products */,
			);
			sourceTree = "<group>";
		};
		6BF2AC271859571B00414672 /* Products */ = {
			isa = PBXGroup;
			children = (
				6BF2AC261859571B00414672 /* PicoPicoCocos2dx.app */,
				6BF2AC471859571B00414672 /* PicoPicoCocos2dxTests.xctest */,
				6BF2AE24185968CC00414672 /* PicoPicoCocos2dx copy.app */,
			);
			name = Products;
			sourceTree = "<group>";
		};
		6BF2AC281859571B00414672 /* Frameworks */ = {
			isa = PBXGroup;
			children = (
				6BF2AE6618597D6C00414672 /* Carbon.framework */,
				6BF2AE6418597A8700414672 /* AudioUnit.framework */,
				6BF2ADD71859648F00414672 /* OpenGL.framework */,
				6BF2ADD51859648800414672 /* QuartzCore.framework */,
				6BF2ADD31859648100414672 /* OpenAL.framework */,
				6BF2ADD11859647900414672 /* ApplicationServices.framework */,
				6BF2ADCF1859647000414672 /* AudioToolbox.framework */,
				6BF2AC5E1859584D00414672 /* libsqlite3.dylib */,
				6BF2AC5F1859584D00414672 /* libcurl.dylib */,
				6BF2AC601859584D00414672 /* libz.dylib */,
				6BF2AC611859584D00414672 /* IOKit.framework */,
				6BF2AC291859571B00414672 /* Cocoa.framework */,
				6BF2AC481859571B00414672 /* XCTest.framework */,
				6BF2AC2B1859571B00414672 /* Other Frameworks */,
			);
			name = Frameworks;
			sourceTree = "<group>";
		};
		6BF2AC2B1859571B00414672 /* Other Frameworks */ = {
			isa = PBXGroup;
			children = (
				6BF2AC2C1859571B00414672 /* AppKit.framework */,
				6BF2AC2D1859571B00414672 /* CoreData.framework */,
				6BF2AC2E1859571B00414672 /* Foundation.framework */,
			);
			name = "Other Frameworks";
			sourceTree = "<group>";
		};
		6BF2AC2F1859571B00414672 /* PicoPicoCocos2dx */ = {
			isa = PBXGroup;
			children = (
				6BF2AE6818597DED00414672 /* GameData */,
				6BF2AE4B18596CB900414672 /* AppDelegate.cpp */,
				6BF2AE4C18596CB900414672 /* AppDelegate.h */,
				6BF2AE4D18596CB900414672 /* Cocos2dxLuaLoader.cpp */,
				6BF2AE4E18596CB900414672 /* Cocos2dxLuaLoader.h */,
				6BF2AE4F18596CB900414672 /* Cocos2dxWrapper.cpp */,
				6BF2AE5018596CB900414672 /* Cocos2dxWrapper.h */,
				6BF2AE5318596CB900414672 /* PPGameScene.cpp */,
				6BF2AE5418596CB900414672 /* PPGameScene.h */,
				6BC2EB631859BCFB008097EE /* picoShader_PositionTextureColor_vert.h */,
				6BF2AE5518596CBA00414672 /* PPGameSoundAndroid.cpp */,
				6BF2AE5618596CBA00414672 /* PPGameUtilCocos2dx.cpp */,
				6BF2AE5718596CBA00414672 /* PPSensorAndroid.cpp */,
				6BF2AE5818596CBA00414672 /* PPSensorAndroid.h */,
				6BF2AE5918596CBA00414672 /* QBSoundAndroid.cpp */,
				6BF2AE5A18596CBA00414672 /* QBSoundAndroid.h */,
				6BF2AC711859586F00414672 /* AppDelegate.cpp */,
				6BF2AC721859586F00414672 /* AppDelegate.h */,
				6BF2AC731859586F00414672 /* AppMacros.h */,
				6BF2AC741859586F00414672 /* HelloWorldScene.cpp */,
				6BF2AC751859586F00414672 /* HelloWorldScene.h */,
				6BF2AC3E1859571B00414672 /* MainMenu.xib */,
				6BF2AC411859571B00414672 /* Images.xcassets */,
				6BF2AE081859689600414672 /* HelloWorld.png */,
				6BF2AE011859672F00414672 /* libcocos2dx Mac.a */,
				6BF2AE021859672F00414672 /* libCocosDenshion Mac.a */,
				6BF2AE3F1859694000414672 /* Box2D.framework */,
				6BF2AE411859694D00414672 /* CocosDenshion.framework */,
				6BF2AE431859695800414672 /* FlMML.framework */,
				6BF2AE451859697E00414672 /* freetype.framework */,
				6BF2AE471859698C00414672 /* Lua.framework */,
				6BF2AE491859699700414672 /* PicoGame.framework */,
				6BF2AC301859571B00414672 /* Supporting Files */,
			);
			path = PicoPicoCocos2dx;
			sourceTree = "<group>";
		};
		6BF2AC301859571B00414672 /* Supporting Files */ = {
			isa = PBXGroup;
			children = (
				6BF2AC311859571B00414672 /* PicoPicoCocos2dx-Info.plist */,
				6BF2AE25185968CD00414672 /* PicoPicoCocos2dx copy-Info.plist */,
				6BF2AC321859571B00414672 /* InfoPlist.strings */,
				6BF2AC351859571B00414672 /* main.cpp */,
				6BF2AC371859571B00414672 /* PicoPicoCocos2dx-Prefix.pch */,
				6BF2AC381859571B00414672 /* Credits.rtf */,
			);
			name = "Supporting Files";
			sourceTree = "<group>";
		};
		6BF2AC4D1859571B00414672 /* PicoPicoCocos2dxTests */ = {
			isa = PBXGroup;
			children = (
				6BF2AC531859571B00414672 /* PicoPicoCocos2dxTests.m */,
				6BF2AC4E1859571B00414672 /* Supporting Files */,
			);
			path = PicoPicoCocos2dxTests;
			sourceTree = "<group>";
		};
		6BF2AC4E1859571B00414672 /* Supporting Files */ = {
			isa = PBXGroup;
			children = (
				6BF2AC4F1859571B00414672 /* PicoPicoCocos2dxTests-Info.plist */,
				6BF2AC501859571B00414672 /* InfoPlist.strings */,
			);
			name = "Supporting Files";
			sourceTree = "<group>";
		};
/* End PBXGroup section */

/* Begin PBXNativeTarget section */
		6BF2AC251859571B00414672 /* PicoPicoCocos2dx */ = {
			isa = PBXNativeTarget;
			buildConfigurationList = 6BF2AC571859571B00414672 /* Build configuration list for PBXNativeTarget "PicoPicoCocos2dx" */;
			buildPhases = (
				6BF2AC221859571B00414672 /* Sources */,
				6BF2AC231859571B00414672 /* Frameworks */,
				6BF2AC241859571B00414672 /* Resources */,
			);
			buildRules = (
			);
			dependencies = (
			);
			name = PicoPicoCocos2dx;
			productName = PicoPicoCocos2dx;
			productReference = 6BF2AC261859571B00414672 /* PicoPicoCocos2dx.app */;
			productType = "com.apple.product-type.application";
		};
		6BF2AC461859571B00414672 /* PicoPicoCocos2dxTests */ = {
			isa = PBXNativeTarget;
			buildConfigurationList = 6BF2AC5A1859571B00414672 /* Build configuration list for PBXNativeTarget "PicoPicoCocos2dxTests" */;
			buildPhases = (
				6BF2AC431859571B00414672 /* Sources */,
				6BF2AC441859571B00414672 /* Frameworks */,
				6BF2AC451859571B00414672 /* Resources */,
			);
			buildRules = (
			);
			dependencies = (
				6BF2AC4C1859571B00414672 /* PBXTargetDependency */,
			);
			name = PicoPicoCocos2dxTests;
			productName = PicoPicoCocos2dxTests;
			productReference = 6BF2AC471859571B00414672 /* PicoPicoCocos2dxTests.xctest */;
			productType = "com.apple.product-type.bundle.unit-test";
		};
		6BF2AE0A185968CC00414672 /* PicoPicoCocos2dx copy */ = {
			isa = PBXNativeTarget;
			buildConfigurationList = 6BF2AE21185968CC00414672 /* Build configuration list for PBXNativeTarget "PicoPicoCocos2dx copy" */;
			buildPhases = (
				6BF2AE0B185968CC00414672 /* Sources */,
				6BF2AE0F185968CC00414672 /* Frameworks */,
				6BF2AE1B185968CC00414672 /* Resources */,
			);
			buildRules = (
			);
			dependencies = (
			);
			name = "PicoPicoCocos2dx copy";
			productName = PicoPicoCocos2dx;
			productReference = 6BF2AE24185968CC00414672 /* PicoPicoCocos2dx copy.app */;
			productType = "com.apple.product-type.application";
		};
/* End PBXNativeTarget section */

/* Begin PBXProject section */
		6BF2AC1E1859571B00414672 /* Project object */ = {
			isa = PBXProject;
			attributes = {
				LastUpgradeCheck = 0500;
				ORGANIZATIONNAME = "your name or company";
				TargetAttributes = {
					6BF2AC461859571B00414672 = {
						TestTargetID = 6BF2AC251859571B00414672;
					};
				};
			};
			buildConfigurationList = 6BF2AC211859571B00414672 /* Build configuration list for PBXProject "PicoPicoCocos2dx" */;
			compatibilityVersion = "Xcode 3.2";
			developmentRegion = English;
			hasScannedForEncodings = 0;
			knownRegions = (
				en,
				Base,
			);
			mainGroup = 6BF2AC1D1859571B00414672;
			productRefGroup = 6BF2AC271859571B00414672 /* Products */;
			projectDirPath = "";
			projectRoot = "";
			targets = (
				6BF2AC251859571B00414672 /* PicoPicoCocos2dx */,
				6BF2AC461859571B00414672 /* PicoPicoCocos2dxTests */,
				6BF2AE0A185968CC00414672 /* PicoPicoCocos2dx copy */,
			);
		};
/* End PBXProject section */

/* Begin PBXResourcesBuildPhase section */
		6BF2AC241859571B00414672 /* Resources */ = {
			isa = PBXResourcesBuildPhase;
			buildActionMask = 2147483647;
			files = (
				6BF2AE091859689600414672 /* HelloWorld.png in Resources */,
				6BF2AC341859571B00414672 /* InfoPlist.strings in Resources */,
				6BF2AC421859571B00414672 /* Images.xcassets in Resources */,
				6BF2AC3A1859571B00414672 /* Credits.rtf in Resources */,
				6BF2AE6918597DED00414672 /* GameData in Resources */,
				6BF2AC401859571B00414672 /* MainMenu.xib in Resources */,
			);
			runOnlyForDeploymentPostprocessing = 0;
		};
		6BF2AC451859571B00414672 /* Resources */ = {
			isa = PBXResourcesBuildPhase;
			buildActionMask = 2147483647;
			files = (
				6BF2AC521859571B00414672 /* InfoPlist.strings in Resources */,
			);
			runOnlyForDeploymentPostprocessing = 0;
		};
		6BF2AE1B185968CC00414672 /* Resources */ = {
			isa = PBXResourcesBuildPhase;
			buildActionMask = 2147483647;
			files = (
				6BF2AE1C185968CC00414672 /* HelloWorld.png in Resources */,
				6BF2AE1D185968CC00414672 /* InfoPlist.strings in Resources */,
				6BF2AE1E185968CC00414672 /* Images.xcassets in Resources */,
				6BF2AE1F185968CC00414672 /* Credits.rtf in Resources */,
				6BF2AE20185968CC00414672 /* MainMenu.xib in Resources */,
			);
			runOnlyForDeploymentPostprocessing = 0;
		};
/* End PBXResourcesBuildPhase section */

/* Begin PBXSourcesBuildPhase section */
		6BF2AC221859571B00414672 /* Sources */ = {
			isa = PBXSourcesBuildPhase;
			buildActionMask = 2147483647;
			files = (
				6BF2AE5B18596CBA00414672 /* AppDelegate.cpp in Sources */,
				6BF2AE6218596CBA00414672 /* PPSensorAndroid.cpp in Sources */,
				6BF2AE5C18596CBA00414672 /* Cocos2dxLuaLoader.cpp in Sources */,
				6BF2AE5D18596CBA00414672 /* Cocos2dxWrapper.cpp in Sources */,
				6BF2AE5F18596CBA00414672 /* PPGameScene.cpp in Sources */,
				6BF2AC361859571B00414672 /* main.cpp in Sources */,
			);
			runOnlyForDeploymentPostprocessing = 0;
		};
		6BF2AC431859571B00414672 /* Sources */ = {
			isa = PBXSourcesBuildPhase;
			buildActionMask = 2147483647;
			files = (
				6BF2AC541859571B00414672 /* PicoPicoCocos2dxTests.m in Sources */,
			);
			runOnlyForDeploymentPostprocessing = 0;
		};
		6BF2AE0B185968CC00414672 /* Sources */ = {
			isa = PBXSourcesBuildPhase;
			buildActionMask = 2147483647;
			files = (
				6BF2AE0C185968CC00414672 /* AppDelegate.cpp in Sources */,
				6BF2AE0D185968CC00414672 /* main.cpp in Sources */,
				6BF2AE0E185968CC00414672 /* HelloWorldScene.cpp in Sources */,
			);
			runOnlyForDeploymentPostprocessing = 0;
		};
/* End PBXSourcesBuildPhase section */

/* Begin PBXTargetDependency section */
		6BF2AC4C1859571B00414672 /* PBXTargetDependency */ = {
			isa = PBXTargetDependency;
			target = 6BF2AC251859571B00414672 /* PicoPicoCocos2dx */;
			targetProxy = 6BF2AC4B1859571B00414672 /* PBXContainerItemProxy */;
		};
/* End PBXTargetDependency section */

/* Begin PBXVariantGroup section */
		6BF2AC321859571B00414672 /* InfoPlist.strings */ = {
			isa = PBXVariantGroup;
			children = (
				6BF2AC331859571B00414672 /* en */,
			);
			name = InfoPlist.strings;
			sourceTree = "<group>";
		};
		6BF2AC381859571B00414672 /* Credits.rtf */ = {
			isa = PBXVariantGroup;
			children = (
				6BF2AC391859571B00414672 /* en */,
			);
			name = Credits.rtf;
			sourceTree = "<group>";
		};
		6BF2AC3E1859571B00414672 /* MainMenu.xib */ = {
			isa = PBXVariantGroup;
			children = (
				6BF2AC3F1859571B00414672 /* Base */,
			);
			name = MainMenu.xib;
			sourceTree = "<group>";
		};
		6BF2AC501859571B00414672 /* InfoPlist.strings */ = {
			isa = PBXVariantGroup;
			children = (
				6BF2AC511859571B00414672 /* en */,
			);
			name = InfoPlist.strings;
			sourceTree = "<group>";
		};
/* End PBXVariantGroup section */

/* Begin XCBuildConfiguration section */
		6BF2AC551859571B00414672 /* Debug */ = {
			isa = XCBuildConfiguration;
			buildSettings = {
				ALWAYS_SEARCH_USER_PATHS = NO;
				ARCHS = "$(ARCHS_STANDARD_32_BIT)";
				CLANG_CXX_LANGUAGE_STANDARD = "gnu++0x";
				CLANG_CXX_LIBRARY = "libc++";
				CLANG_ENABLE_OBJC_ARC = YES;
				CLANG_WARN_BOOL_CONVERSION = YES;
				CLANG_WARN_CONSTANT_CONVERSION = YES;
				CLANG_WARN_DIRECT_OBJC_ISA_USAGE = YES_ERROR;
				CLANG_WARN_EMPTY_BODY = YES;
				CLANG_WARN_ENUM_CONVERSION = YES;
				CLANG_WARN_INT_CONVERSION = YES;
				CLANG_WARN_OBJC_ROOT_CLASS = YES_ERROR;
				CLANG_WARN__DUPLICATE_METHOD_MATCH = YES;
				COPY_PHASE_STRIP = NO;
				GCC_C_LANGUAGE_STANDARD = gnu99;
				GCC_DYNAMIC_NO_PIC = NO;
				GCC_ENABLE_OBJC_EXCEPTIONS = YES;
				GCC_OPTIMIZATION_LEVEL = 0;
				GCC_PREPROCESSOR_DEFINITIONS = (
					"DEBUG=1",
					"$(inherited)",
				);
				GCC_SYMBOLS_PRIVATE_EXTERN = NO;
				GCC_WARN_64_TO_32_BIT_CONVERSION = YES;
				GCC_WARN_ABOUT_RETURN_TYPE = YES_ERROR;
				GCC_WARN_UNDECLARED_SELECTOR = YES;
				GCC_WARN_UNINITIALIZED_AUTOS = YES;
				GCC_WARN_UNUSED_FUNCTION = YES;
				GCC_WARN_UNUSED_VARIABLE = YES;
				MACOSX_DEPLOYMENT_TARGET = 10.7;
				ONLY_ACTIVE_ARCH = YES;
				SDKROOT = macosx10.8;
				USER_HEADER_SEARCH_PATHS = "$(SRCROOT)/.. $(SRCROOT)/../../Cocos2dx/sources/cocos2d-x-3.0alpha1/cocos $(SRCROOT)/../../Cocos2dx/sources/cocos2d-x-3.0alpha1/cocos/base $(SRCROOT)/../../Cocos2dx/sources/cocos2d-x-3.0alpha1/cocos/physics $(SRCROOT)/../../Cocos2dx/sources/cocos2d-x-3.0alpha1/cocos/math/kazmath/include $(SRCROOT)/../../Cocos2dx/sources/cocos2d-x-3.0alpha1/cocos/2d $(SRCROOT)/../../Cocos2dx/sources/cocos2d-x-3.0alpha1/cocos/gui $(SRCROOT)/../../Cocos2dx/sources/cocos2d-x-3.0alpha1/cocos/network $(SRCROOT)/../../Cocos2dx/sources/cocos2d-x-3.0alpha1/cocos/audio/include $(SRCROOT)/../../Cocos2dx/sources/cocos2d-x-3.0alpha1/cocos/editor-support $(SRCROOT)/../../Cocos2dx/sources/cocos2d-x-3.0alpha1/extensions $(SRCROOT)/../../Cocos2dx/sources/cocos2d-x-3.0alpha1/external $(SRCROOT)/../../Cocos2dx/sources/cocos2d-x-3.0alpha1/external/chipmunk/include/chipmunk";
			};
			name = Debug;
		};
		6BF2AC561859571B00414672 /* Release */ = {
			isa = XCBuildConfiguration;
			buildSettings = {
				ALWAYS_SEARCH_USER_PATHS = NO;
				ARCHS = "$(ARCHS_STANDARD_32_BIT)";
				CLANG_CXX_LANGUAGE_STANDARD = "gnu++0x";
				CLANG_CXX_LIBRARY = "libc++";
				CLANG_ENABLE_OBJC_ARC = YES;
				CLANG_WARN_BOOL_CONVERSION = YES;
				CLANG_WARN_CONSTANT_CONVERSION = YES;
				CLANG_WARN_DIRECT_OBJC_ISA_USAGE = YES_ERROR;
				CLANG_WARN_EMPTY_BODY = YES;
				CLANG_WARN_ENUM_CONVERSION = YES;
				CLANG_WARN_INT_CONVERSION = YES;
				CLANG_WARN_OBJC_ROOT_CLASS = YES_ERROR;
				CLANG_WARN__DUPLICATE_METHOD_MATCH = YES;
				COPY_PHASE_STRIP = YES;
				DEBUG_INFORMATION_FORMAT = "dwarf-with-dsym";
				ENABLE_NS_ASSERTIONS = NO;
				GCC_C_LANGUAGE_STANDARD = gnu99;
				GCC_ENABLE_OBJC_EXCEPTIONS = YES;
				GCC_WARN_64_TO_32_BIT_CONVERSION = YES;
				GCC_WARN_ABOUT_RETURN_TYPE = YES_ERROR;
				GCC_WARN_UNDECLARED_SELECTOR = YES;
				GCC_WARN_UNINITIALIZED_AUTOS = YES;
				GCC_WARN_UNUSED_FUNCTION = YES;
				GCC_WARN_UNUSED_VARIABLE = YES;
				MACOSX_DEPLOYMENT_TARGET = 10.7;
				SDKROOT = macosx10.8;
				USER_HEADER_SEARCH_PATHS = "$(SRCROOT)/.. $(SRCROOT)/../../Cocos2dx/sources/cocos2d-x-3.0alpha1/cocos $(SRCROOT)/../../Cocos2dx/sources/cocos2d-x-3.0alpha1/cocos/base $(SRCROOT)/../../Cocos2dx/sources/cocos2d-x-3.0alpha1/cocos/physics $(SRCROOT)/../../Cocos2dx/sources/cocos2d-x-3.0alpha1/cocos/math/kazmath/include $(SRCROOT)/../../Cocos2dx/sources/cocos2d-x-3.0alpha1/cocos/2d $(SRCROOT)/../../Cocos2dx/sources/cocos2d-x-3.0alpha1/cocos/gui $(SRCROOT)/../../Cocos2dx/sources/cocos2d-x-3.0alpha1/cocos/network $(SRCROOT)/../../Cocos2dx/sources/cocos2d-x-3.0alpha1/cocos/audio/include $(SRCROOT)/../../Cocos2dx/sources/cocos2d-x-3.0alpha1/cocos/editor-support $(SRCROOT)/../../Cocos2dx/sources/cocos2d-x-3.0alpha1/extensions $(SRCROOT)/../../Cocos2dx/sources/cocos2d-x-3.0alpha1/external $(SRCROOT)/../../Cocos2dx/sources/cocos2d-x-3.0alpha1/external/chipmunk/include/chipmunk";
			};
			name = Release;
		};
		6BF2AC581859571B00414672 /* Debug */ = {
			isa = XCBuildConfiguration;
			buildSettings = {
				ARCHS = "$(ARCHS_STANDARD_64_BIT)";
				ASSETCATALOG_COMPILER_APPICON_NAME = AppIcon;
				CLANG_CXX_LANGUAGE_STANDARD = "c++0x";
				CLANG_CXX_LIBRARY = "libc++";
				COMBINE_HIDPI_IMAGES = YES;
				FRAMEWORK_SEARCH_PATHS = (
					"$(inherited)",
					"$(DEVELOPER_DIR)/Platforms/MacOSX.platform/Developer/SDKs/MacOSX10.8.sdk/System/Library/Frameworks",
					/Users/yamagame/Developer/GameDev/PicoPicoGameEngine/Box2D/OSX/Box2D/Products,
					/Users/yamagame/Developer/GameDev/PicoPicoGameEngine/CocosDenshion/OSX/CocosDenshion/Products,
					/Users/yamagame/Developer/GameDev/PicoPicoGameEngine/FlMML/OSX/FlMML/Products,
					/Users/yamagame/Developer/GameDev/PicoPicoGameEngine/freetype/OSX/freetype/Products,
					"/Users/yamagame/Developer/GameDev/PicoPicoGameEngine/Lua5.2/OSX/Lua/Products-noIO",
					/Users/yamagame/Developer/GameDev/PicoPicoGameEngine/PicoGame/OSX/PicoGame/Products,
				);
				GCC_PRECOMPILE_PREFIX_HEADER = YES;
				GCC_PREFIX_HEADER = "PicoPicoCocos2dx/PicoPicoCocos2dx-Prefix.pch";
				GCC_PREPROCESSOR_DEFINITIONS = (
					"DEBUG=1",
					"$(inherited)",
					CC_TARGET_OS_MAC,
					CC_KEYBOARD_SUPPORT,
				);
				HEADER_SEARCH_PATHS = (
					"$(inherited)",
					"/Users/yamagame/Developer/GameDev/PicoPicoGameEngine/Cocos2dx/sources/cocos2d-x-3.0alpha1/cocos/base",
					"/Users/yamagame/Developer/GameDev/PicoPicoGameEngine/Cocos2dx/sources/cocos2d-x-3.0alpha1/cocos/2d/platform",
					"/Users/yamagame/Developer/GameDev/PicoPicoGameEngine/Cocos2dx/sources/cocos2d-x-3.0alpha1/cocos/2d",
					/Users/yamagame/Developer/GameDev/PicoPicoGameEngine/Cocos2dx/include/libpng,
					/Users/yamagame/Developer/GameDev/PicoPicoGameEngine/PicoGame/sources/PPGame,
					/Users/yamagame/Developer/GameDev/PicoPicoGameEngine/Lua5.2/sources/lua,
					/Users/yamagame/Developer/GameDev/PicoPicoGameEngine/PicoGame/sources/Logic,
				);
				INFOPLIST_FILE = "PicoPicoCocos2dx/PicoPicoCocos2dx-Info.plist";
				LIBRARY_SEARCH_PATHS = (
					"$(inherited)",
					"$(DEVELOPER_DIR)/Platforms/MacOSX.platform/Developer/SDKs/MacOSX10.8.sdk/usr/lib",
					/Users/yamagame/Developer/GameDev/PicoPicoGameEngine/FullBuild/OSXCocos2dx,
					"/Users/yamagame/Developer/GameDev/PicoPicoGameEngine/Cocos2dx/sources/cocos2d-x-3.0alpha1/external/jpeg/prebuilt/mac",
				);
				OTHER_LDFLAGS = (
					"-lz",
					"-lxml2",
				);
				PRODUCT_NAME = "$(TARGET_NAME)";
				USER_HEADER_SEARCH_PATHS = "$(inherited) $(SRCROOT)/../../Cocos2dx/sources/cocos2d-x-3.0alpha1/cocos/2d/platform/mac $(SRCROOT)/../../Cocos2dx/sources/cocos2d-x-3.0alpha1/external/glfw3/include/mac";
				WRAPPER_EXTENSION = app;
			};
			name = Debug;
		};
		6BF2AC591859571B00414672 /* Release */ = {
			isa = XCBuildConfiguration;
			buildSettings = {
				ARCHS = "$(ARCHS_STANDARD_64_BIT)";
				ASSETCATALOG_COMPILER_APPICON_NAME = AppIcon;
				CLANG_CXX_LANGUAGE_STANDARD = "c++0x";
				CLANG_CXX_LIBRARY = "libc++";
				COMBINE_HIDPI_IMAGES = YES;
				FRAMEWORK_SEARCH_PATHS = (
					"$(inherited)",
					"$(DEVELOPER_DIR)/Platforms/MacOSX.platform/Developer/SDKs/MacOSX10.8.sdk/System/Library/Frameworks",
					/Users/yamagame/Developer/GameDev/PicoPicoGameEngine/Box2D/OSX/Box2D/Products,
					/Users/yamagame/Developer/GameDev/PicoPicoGameEngine/CocosDenshion/OSX/CocosDenshion/Products,
					/Users/yamagame/Developer/GameDev/PicoPicoGameEngine/FlMML/OSX/FlMML/Products,
					/Users/yamagame/Developer/GameDev/PicoPicoGameEngine/freetype/OSX/freetype/Products,
					"/Users/yamagame/Developer/GameDev/PicoPicoGameEngine/Lua5.2/OSX/Lua/Products-noIO",
					/Users/yamagame/Developer/GameDev/PicoPicoGameEngine/PicoGame/OSX/PicoGame/Products,
				);
				GCC_PRECOMPILE_PREFIX_HEADER = YES;
				GCC_PREFIX_HEADER = "PicoPicoCocos2dx/PicoPicoCocos2dx-Prefix.pch";
				GCC_PREPROCESSOR_DEFINITIONS = (
					CC_TARGET_OS_MAC,
					CC_KEYBOARD_SUPPORT,
				);
				HEADER_SEARCH_PATHS = (
					"$(inherited)",
					"/Users/yamagame/Developer/GameDev/PicoPicoGameEngine/Cocos2dx/sources/cocos2d-x-3.0alpha1/cocos/base",
					"/Users/yamagame/Developer/GameDev/PicoPicoGameEngine/Cocos2dx/sources/cocos2d-x-3.0alpha1/cocos/2d/platform",
					"/Users/yamagame/Developer/GameDev/PicoPicoGameEngine/Cocos2dx/sources/cocos2d-x-3.0alpha1/cocos/2d",
					/Users/yamagame/Developer/GameDev/PicoPicoGameEngine/Cocos2dx/include/libpng,
					/Users/yamagame/Developer/GameDev/PicoPicoGameEngine/PicoGame/sources/PPGame,
					/Users/yamagame/Developer/GameDev/PicoPicoGameEngine/Lua5.2/sources/lua,
					/Users/yamagame/Developer/GameDev/PicoPicoGameEngine/PicoGame/sources/Logic,
				);
				INFOPLIST_FILE = "PicoPicoCocos2dx/PicoPicoCocos2dx-Info.plist";
				LIBRARY_SEARCH_PATHS = (
					"$(inherited)",
					"$(DEVELOPER_DIR)/Platforms/MacOSX.platform/Developer/SDKs/MacOSX10.8.sdk/usr/lib",
					/Users/yamagame/Developer/GameDev/PicoPicoGameEngine/FullBuild/OSXCocos2dx,
					"/Users/yamagame/Developer/GameDev/PicoPicoGameEngine/Cocos2dx/sources/cocos2d-x-3.0alpha1/external/jpeg/prebuilt/mac",
				);
				OTHER_LDFLAGS = (
					"-lz",
					"-lxml2",
				);
				PRODUCT_NAME = "$(TARGET_NAME)";
				USER_HEADER_SEARCH_PATHS = "$(inherited) $(SRCROOT)/../../Cocos2dx/sources/cocos2d-x-3.0alpha1/cocos/2d/platform/mac $(SRCROOT)/../../Cocos2dx/sources/cocos2d-x-3.0alpha1/external/glfw3/include/mac";
				WRAPPER_EXTENSION = app;
			};
			name = Release;
		};
		6BF2AC5B1859571B00414672 /* Debug */ = {
			isa = XCBuildConfiguration;
			buildSettings = {
				BUNDLE_LOADER = "$(BUILT_PRODUCTS_DIR)/PicoPicoCocos2dx.app/Contents/MacOS/PicoPicoCocos2dx";
				COMBINE_HIDPI_IMAGES = YES;
				FRAMEWORK_SEARCH_PATHS = (
					"$(DEVELOPER_FRAMEWORKS_DIR)",
					"$(inherited)",
				);
				GCC_PRECOMPILE_PREFIX_HEADER = YES;
				GCC_PREFIX_HEADER = "PicoPicoCocos2dx/PicoPicoCocos2dx-Prefix.pch";
				GCC_PREPROCESSOR_DEFINITIONS = (
					"DEBUG=1",
					"$(inherited)",
				);
				INFOPLIST_FILE = "PicoPicoCocos2dxTests/PicoPicoCocos2dxTests-Info.plist";
				PRODUCT_NAME = "$(TARGET_NAME)";
				TEST_HOST = "$(BUNDLE_LOADER)";
				WRAPPER_EXTENSION = xctest;
			};
			name = Debug;
		};
		6BF2AC5C1859571B00414672 /* Release */ = {
			isa = XCBuildConfiguration;
			buildSettings = {
				BUNDLE_LOADER = "$(BUILT_PRODUCTS_DIR)/PicoPicoCocos2dx.app/Contents/MacOS/PicoPicoCocos2dx";
				COMBINE_HIDPI_IMAGES = YES;
				FRAMEWORK_SEARCH_PATHS = (
					"$(DEVELOPER_FRAMEWORKS_DIR)",
					"$(inherited)",
				);
				GCC_PRECOMPILE_PREFIX_HEADER = YES;
				GCC_PREFIX_HEADER = "PicoPicoCocos2dx/PicoPicoCocos2dx-Prefix.pch";
				INFOPLIST_FILE = "PicoPicoCocos2dxTests/PicoPicoCocos2dxTests-Info.plist";
				PRODUCT_NAME = "$(TARGET_NAME)";
				TEST_HOST = "$(BUNDLE_LOADER)";
				WRAPPER_EXTENSION = xctest;
			};
			name = Release;
		};
		6BF2AE22185968CC00414672 /* Debug */ = {
			isa = XCBuildConfiguration;
			buildSettings = {
				ARCHS = "$(ARCHS_STANDARD_64_BIT)";
				ASSETCATALOG_COMPILER_APPICON_NAME = AppIcon;
				COMBINE_HIDPI_IMAGES = YES;
				FRAMEWORK_SEARCH_PATHS = (
					"$(inherited)",
					"$(DEVELOPER_DIR)/Platforms/MacOSX.platform/Developer/SDKs/MacOSX10.8.sdk/System/Library/Frameworks",
				);
				GCC_PRECOMPILE_PREFIX_HEADER = YES;
				GCC_PREFIX_HEADER = "PicoPicoCocos2dx/PicoPicoCocos2dx-Prefix.pch";
				GCC_PREPROCESSOR_DEFINITIONS = (
					"DEBUG=1",
					"$(inherited)",
					CC_TARGET_OS_MAC,
					CC_KEYBOARD_SUPPORT,
				);
				HEADER_SEARCH_PATHS = "$(inherited)";
				INFOPLIST_FILE = "PicoPicoCocos2dx copy-Info.plist";
				LIBRARY_SEARCH_PATHS = (
					"$(inherited)",
					"$(DEVELOPER_DIR)/Platforms/MacOSX.platform/Developer/SDKs/MacOSX10.8.sdk/usr/lib",
					/Users/yamagame/Developer/GameDev/PicoPicoGameEngine/FullBuild/OSXCocos2dx,
					"/Users/yamagame/Developer/GameDev/PicoPicoGameEngine/Cocos2dx/sources/cocos2d-x-3.0alpha1/external/jpeg/prebuilt/mac",
				);
				PRODUCT_NAME = "PicoPicoCocos2dx copy";
				USER_HEADER_SEARCH_PATHS = "$(inherited) $(SRCROOT)/../../Cocos2dx/sources/cocos2d-x-3.0alpha1/cocos/2d/platform/mac $(SRCROOT)/../../Cocos2dx/sources/cocos2d-x-3.0alpha1/external/glfw3/include/mac";
				WRAPPER_EXTENSION = app;
			};
			name = Debug;
		};
		6BF2AE23185968CC00414672 /* Release */ = {
			isa = XCBuildConfiguration;
			buildSettings = {
				ARCHS = "$(ARCHS_STANDARD_64_BIT)";
				ASSETCATALOG_COMPILER_APPICON_NAME = AppIcon;
				COMBINE_HIDPI_IMAGES = YES;
				FRAMEWORK_SEARCH_PATHS = (
					"$(inherited)",
					"$(DEVELOPER_DIR)/Platforms/MacOSX.platform/Developer/SDKs/MacOSX10.8.sdk/System/Library/Frameworks",
				);
				GCC_PRECOMPILE_PREFIX_HEADER = YES;
				GCC_PREFIX_HEADER = "PicoPicoCocos2dx/PicoPicoCocos2dx-Prefix.pch";
				GCC_PREPROCESSOR_DEFINITIONS = (
					CC_TARGET_OS_MAC,
					CC_KEYBOARD_SUPPORT,
				);
				HEADER_SEARCH_PATHS = "$(inherited)";
				INFOPLIST_FILE = "PicoPicoCocos2dx copy-Info.plist";
				LIBRARY_SEARCH_PATHS = (
					"$(inherited)",
					"$(DEVELOPER_DIR)/Platforms/MacOSX.platform/Developer/SDKs/MacOSX10.8.sdk/usr/lib",
					/Users/yamagame/Developer/GameDev/PicoPicoGameEngine/FullBuild/OSXCocos2dx,
					"/Users/yamagame/Developer/GameDev/PicoPicoGameEngine/Cocos2dx/sources/cocos2d-x-3.0alpha1/external/jpeg/prebuilt/mac",
				);
				PRODUCT_NAME = "PicoPicoCocos2dx copy";
				USER_HEADER_SEARCH_PATHS = "$(inherited) $(SRCROOT)/../../Cocos2dx/sources/cocos2d-x-3.0alpha1/cocos/2d/platform/mac $(SRCROOT)/../../Cocos2dx/sources/cocos2d-x-3.0alpha1/external/glfw3/include/mac";
				WRAPPER_EXTENSION = app;
			};
			name = Release;
		};
/* End XCBuildConfiguration section */

/* Begin XCConfigurationList section */
		6BF2AC211859571B00414672 /* Build configuration list for PBXProject "PicoPicoCocos2dx" */ = {
			isa = XCConfigurationList;
			buildConfigurations = (
				6BF2AC551859571B00414672 /* Debug */,
				6BF2AC561859571B00414672 /* Release */,
			);
			defaultConfigurationIsVisible = 0;
			defaultConfigurationName = Release;
		};
		6BF2AC571859571B00414672 /* Build configuration list for PBXNativeTarget "PicoPicoCocos2dx" */ = {
			isa = XCConfigurationList;
			buildConfigurations = (
				6BF2AC581859571B00414672 /* Debug */,
				6BF2AC591859571B00414672 /* Release */,
			);
			defaultConfigurationIsVisible = 0;
			defaultConfigurationName = Release;
		};
		6BF2AC5A1859571B00414672 /* Build configuration list for PBXNativeTarget "PicoPicoCocos2dxTests" */ = {
			isa = XCConfigurationList;
			buildConfigurations = (
				6BF2AC5B1859571B00414672 /* Debug */,
				6BF2AC5C1859571B00414672 /* Release */,
			);
			defaultConfigurationIsVisible = 0;
			defaultConfigurationName = Release;
		};
		6BF2AE21185968CC00414672 /* Build configuration list for PBXNativeTarget "PicoPicoCocos2dx copy" */ = {
			isa = XCConfigurationList;
			buildConfigurations = (
				6BF2AE22185968CC00414672 /* Debug */,
				6BF2AE23185968CC00414672 /* Release */,
			);
			defaultConfigurationIsVisible = 0;
			defaultConfigurationName = Release;
		};
/* End XCConfigurationList section */
	};
	rootObject = 6BF2AC1E1859571B00414672 /* Project object */;
}
