// !$*UTF8*$!
{
	archiveVersion = 1;
	classes = {
	};
	objectVersion = 46;
	objects = {

/* Begin PBXAggregateTarget section */
		6B45717715B2757A007AC75A /* Universal */ = {
			isa = PBXAggregateTarget;
			buildConfigurationList = 6B45717815B2757A007AC75A /* Build configuration list for PBXAggregateTarget "Universal" */;
			buildPhases = (
				6B45717B15B27582007AC75A /* ShellScript */,
			);
			dependencies = (
			);
			name = Universal;
			productName = Universal;
		};
/* End PBXAggregateTarget section */

/* Begin PBXBuildFile section */
		6B4571E415B27671007AC75A /* Box2DConfig.cmake in Resources */ = {isa = PBXBuildFile; fileRef = 6B45718115B27671007AC75A /* Box2DConfig.cmake */; };
		6B4571E515B27671007AC75A /* CMakeLists.txt in Resources */ = {isa = PBXBuildFile; fileRef = 6B45718215B27671007AC75A /* CMakeLists.txt */; };
		6B4571E615B27671007AC75A /* b2BroadPhase.cpp in Sources */ = {isa = PBXBuildFile; fileRef = 6B45718415B27671007AC75A /* b2BroadPhase.cpp */; };
		6B4571E715B27671007AC75A /* b2CollideCircle.cpp in Sources */ = {isa = PBXBuildFile; fileRef = 6B45718615B27671007AC75A /* b2CollideCircle.cpp */; };
		6B4571E815B27671007AC75A /* b2CollideEdge.cpp in Sources */ = {isa = PBXBuildFile; fileRef = 6B45718715B27671007AC75A /* b2CollideEdge.cpp */; };
		6B4571E915B27671007AC75A /* b2CollidePolygon.cpp in Sources */ = {isa = PBXBuildFile; fileRef = 6B45718815B27671007AC75A /* b2CollidePolygon.cpp */; };
		6B4571EA15B27671007AC75A /* b2Collision.cpp in Sources */ = {isa = PBXBuildFile; fileRef = 6B45718915B27671007AC75A /* b2Collision.cpp */; };
		6B4571EB15B27671007AC75A /* b2Distance.cpp in Sources */ = {isa = PBXBuildFile; fileRef = 6B45718B15B27671007AC75A /* b2Distance.cpp */; };
		6B4571EC15B27671007AC75A /* b2DynamicTree.cpp in Sources */ = {isa = PBXBuildFile; fileRef = 6B45718D15B27671007AC75A /* b2DynamicTree.cpp */; };
		6B4571ED15B27671007AC75A /* b2TimeOfImpact.cpp in Sources */ = {isa = PBXBuildFile; fileRef = 6B45718F15B27671007AC75A /* b2TimeOfImpact.cpp */; };
		6B4571EE15B27671007AC75A /* b2ChainShape.cpp in Sources */ = {isa = PBXBuildFile; fileRef = 6B45719215B27671007AC75A /* b2ChainShape.cpp */; };
		6B4571EF15B27671007AC75A /* b2CircleShape.cpp in Sources */ = {isa = PBXBuildFile; fileRef = 6B45719415B27671007AC75A /* b2CircleShape.cpp */; };
		6B4571F015B27671007AC75A /* b2EdgeShape.cpp in Sources */ = {isa = PBXBuildFile; fileRef = 6B45719615B27671007AC75A /* b2EdgeShape.cpp */; };
		6B4571F115B27671007AC75A /* b2PolygonShape.cpp in Sources */ = {isa = PBXBuildFile; fileRef = 6B45719815B27671007AC75A /* b2PolygonShape.cpp */; };
		6B4571F215B27671007AC75A /* b2BlockAllocator.cpp in Sources */ = {isa = PBXBuildFile; fileRef = 6B45719C15B27671007AC75A /* b2BlockAllocator.cpp */; };
		6B4571F315B27671007AC75A /* b2Draw.cpp in Sources */ = {isa = PBXBuildFile; fileRef = 6B45719E15B27671007AC75A /* b2Draw.cpp */; };
		6B4571F415B27671007AC75A /* b2Math.cpp in Sources */ = {isa = PBXBuildFile; fileRef = 6B4571A115B27671007AC75A /* b2Math.cpp */; };
		6B4571F515B27671007AC75A /* b2Settings.cpp in Sources */ = {isa = PBXBuildFile; fileRef = 6B4571A315B27671007AC75A /* b2Settings.cpp */; };
		6B4571F615B27671007AC75A /* b2StackAllocator.cpp in Sources */ = {isa = PBXBuildFile; fileRef = 6B4571A515B27671007AC75A /* b2StackAllocator.cpp */; };
		6B4571F715B27671007AC75A /* b2Timer.cpp in Sources */ = {isa = PBXBuildFile; fileRef = 6B4571A715B27671007AC75A /* b2Timer.cpp */; };
		6B4571F815B27671007AC75A /* b2Body.cpp in Sources */ = {isa = PBXBuildFile; fileRef = 6B4571AA15B27671007AC75A /* b2Body.cpp */; };
		6B4571F915B27671007AC75A /* b2ContactManager.cpp in Sources */ = {isa = PBXBuildFile; fileRef = 6B4571AC15B27671007AC75A /* b2ContactManager.cpp */; };
		6B4571FA15B27671007AC75A /* b2Fixture.cpp in Sources */ = {isa = PBXBuildFile; fileRef = 6B4571AE15B27671007AC75A /* b2Fixture.cpp */; };
		6B4571FB15B27671007AC75A /* b2Island.cpp in Sources */ = {isa = PBXBuildFile; fileRef = 6B4571B015B27671007AC75A /* b2Island.cpp */; };
		6B4571FC15B27671007AC75A /* b2World.cpp in Sources */ = {isa = PBXBuildFile; fileRef = 6B4571B315B27671007AC75A /* b2World.cpp */; };
		6B4571FD15B27671007AC75A /* b2WorldCallbacks.cpp in Sources */ = {isa = PBXBuildFile; fileRef = 6B4571B515B27671007AC75A /* b2WorldCallbacks.cpp */; };
		6B4571FE15B27671007AC75A /* b2ChainAndCircleContact.cpp in Sources */ = {isa = PBXBuildFile; fileRef = 6B4571B815B27671007AC75A /* b2ChainAndCircleContact.cpp */; };
		6B4571FF15B27671007AC75A /* b2ChainAndPolygonContact.cpp in Sources */ = {isa = PBXBuildFile; fileRef = 6B4571BA15B27671007AC75A /* b2ChainAndPolygonContact.cpp */; };
		6B45720015B27671007AC75A /* b2CircleContact.cpp in Sources */ = {isa = PBXBuildFile; fileRef = 6B4571BC15B27671007AC75A /* b2CircleContact.cpp */; };
		6B45720115B27671007AC75A /* b2Contact.cpp in Sources */ = {isa = PBXBuildFile; fileRef = 6B4571BE15B27671007AC75A /* b2Contact.cpp */; };
		6B45720215B27671007AC75A /* b2ContactSolver.cpp in Sources */ = {isa = PBXBuildFile; fileRef = 6B4571C015B27671007AC75A /* b2ContactSolver.cpp */; };
		6B45720315B27671007AC75A /* b2EdgeAndCircleContact.cpp in Sources */ = {isa = PBXBuildFile; fileRef = 6B4571C215B27671007AC75A /* b2EdgeAndCircleContact.cpp */; };
		6B45720415B27671007AC75A /* b2EdgeAndPolygonContact.cpp in Sources */ = {isa = PBXBuildFile; fileRef = 6B4571C415B27671007AC75A /* b2EdgeAndPolygonContact.cpp */; };
		6B45720515B27671007AC75A /* b2PolygonAndCircleContact.cpp in Sources */ = {isa = PBXBuildFile; fileRef = 6B4571C615B27671007AC75A /* b2PolygonAndCircleContact.cpp */; };
		6B45720615B27671007AC75A /* b2PolygonContact.cpp in Sources */ = {isa = PBXBuildFile; fileRef = 6B4571C815B27671007AC75A /* b2PolygonContact.cpp */; };
		6B45720715B27671007AC75A /* b2DistanceJoint.cpp in Sources */ = {isa = PBXBuildFile; fileRef = 6B4571CB15B27671007AC75A /* b2DistanceJoint.cpp */; };
		6B45720815B27671007AC75A /* b2FrictionJoint.cpp in Sources */ = {isa = PBXBuildFile; fileRef = 6B4571CD15B27671007AC75A /* b2FrictionJoint.cpp */; };
		6B45720915B27671007AC75A /* b2GearJoint.cpp in Sources */ = {isa = PBXBuildFile; fileRef = 6B4571CF15B27671007AC75A /* b2GearJoint.cpp */; };
		6B45720A15B27671007AC75A /* b2Joint.cpp in Sources */ = {isa = PBXBuildFile; fileRef = 6B4571D115B27671007AC75A /* b2Joint.cpp */; };
		6B45720B15B27671007AC75A /* b2MouseJoint.cpp in Sources */ = {isa = PBXBuildFile; fileRef = 6B4571D315B27671007AC75A /* b2MouseJoint.cpp */; };
		6B45720C15B27671007AC75A /* b2PrismaticJoint.cpp in Sources */ = {isa = PBXBuildFile; fileRef = 6B4571D515B27671007AC75A /* b2PrismaticJoint.cpp */; };
		6B45720D15B27671007AC75A /* b2PulleyJoint.cpp in Sources */ = {isa = PBXBuildFile; fileRef = 6B4571D715B27671007AC75A /* b2PulleyJoint.cpp */; };
		6B45720E15B27671007AC75A /* b2RevoluteJoint.cpp in Sources */ = {isa = PBXBuildFile; fileRef = 6B4571D915B27671007AC75A /* b2RevoluteJoint.cpp */; };
		6B45720F15B27671007AC75A /* b2RopeJoint.cpp in Sources */ = {isa = PBXBuildFile; fileRef = 6B4571DB15B27671007AC75A /* b2RopeJoint.cpp */; };
		6B45721015B27671007AC75A /* b2WeldJoint.cpp in Sources */ = {isa = PBXBuildFile; fileRef = 6B4571DD15B27671007AC75A /* b2WeldJoint.cpp */; };
		6B45721115B27671007AC75A /* b2WheelJoint.cpp in Sources */ = {isa = PBXBuildFile; fileRef = 6B4571DF15B27671007AC75A /* b2WheelJoint.cpp */; };
		6B45721215B27671007AC75A /* b2Rope.cpp in Sources */ = {isa = PBXBuildFile; fileRef = 6B4571E215B27671007AC75A /* b2Rope.cpp */; };
/* End PBXBuildFile section */

/* Begin PBXFileReference section */
		6B4570C615B27337007AC75A /* Box2D.framework */ = {isa = PBXFileReference; explicitFileType = wrapper.cfbundle; includeInIndex = 0; path = Box2D.framework; sourceTree = BUILT_PRODUCTS_DIR; };
		6B4570D115B27337007AC75A /* Box2D-Info.plist */ = {isa = PBXFileReference; lastKnownFileType = text.plist.xml; path = "Box2D-Info.plist"; sourceTree = "<group>"; };
		6B4570D315B27337007AC75A /* en */ = {isa = PBXFileReference; lastKnownFileType = text.plist.strings; name = en; path = en.lproj/InfoPlist.strings; sourceTree = "<group>"; };
		6B4570D515B27337007AC75A /* Box2D-Prefix.pch */ = {isa = PBXFileReference; lastKnownFileType = sourcecode.c.h; path = "Box2D-Prefix.pch"; sourceTree = "<group>"; };
		6B45718015B27671007AC75A /* Box2D.h */ = {isa = PBXFileReference; fileEncoding = 4; lastKnownFileType = sourcecode.c.h; path = Box2D.h; sourceTree = "<group>"; };
		6B45718115B27671007AC75A /* Box2DConfig.cmake */ = {isa = PBXFileReference; fileEncoding = 4; lastKnownFileType = text; path = Box2DConfig.cmake; sourceTree = "<group>"; };
		6B45718215B27671007AC75A /* CMakeLists.txt */ = {isa = PBXFileReference; fileEncoding = 4; lastKnownFileType = text; path = CMakeLists.txt; sourceTree = "<group>"; };
		6B45718415B27671007AC75A /* b2BroadPhase.cpp */ = {isa = PBXFileReference; fileEncoding = 4; lastKnownFileType = sourcecode.cpp.cpp; path = b2BroadPhase.cpp; sourceTree = "<group>"; };
		6B45718515B27671007AC75A /* b2BroadPhase.h */ = {isa = PBXFileReference; fileEncoding = 4; lastKnownFileType = sourcecode.c.h; path = b2BroadPhase.h; sourceTree = "<group>"; };
		6B45718615B27671007AC75A /* b2CollideCircle.cpp */ = {isa = PBXFileReference; fileEncoding = 4; lastKnownFileType = sourcecode.cpp.cpp; path = b2CollideCircle.cpp; sourceTree = "<group>"; };
		6B45718715B27671007AC75A /* b2CollideEdge.cpp */ = {isa = PBXFileReference; fileEncoding = 4; lastKnownFileType = sourcecode.cpp.cpp; path = b2CollideEdge.cpp; sourceTree = "<group>"; };
		6B45718815B27671007AC75A /* b2CollidePolygon.cpp */ = {isa = PBXFileReference; fileEncoding = 4; lastKnownFileType = sourcecode.cpp.cpp; path = b2CollidePolygon.cpp; sourceTree = "<group>"; };
		6B45718915B27671007AC75A /* b2Collision.cpp */ = {isa = PBXFileReference; fileEncoding = 4; lastKnownFileType = sourcecode.cpp.cpp; path = b2Collision.cpp; sourceTree = "<group>"; };
		6B45718A15B27671007AC75A /* b2Collision.h */ = {isa = PBXFileReference; fileEncoding = 4; lastKnownFileType = sourcecode.c.h; path = b2Collision.h; sourceTree = "<group>"; };
		6B45718B15B27671007AC75A /* b2Distance.cpp */ = {isa = PBXFileReference; fileEncoding = 4; lastKnownFileType = sourcecode.cpp.cpp; path = b2Distance.cpp; sourceTree = "<group>"; };
		6B45718C15B27671007AC75A /* b2Distance.h */ = {isa = PBXFileReference; fileEncoding = 4; lastKnownFileType = sourcecode.c.h; path = b2Distance.h; sourceTree = "<group>"; };
		6B45718D15B27671007AC75A /* b2DynamicTree.cpp */ = {isa = PBXFileReference; fileEncoding = 4; lastKnownFileType = sourcecode.cpp.cpp; path = b2DynamicTree.cpp; sourceTree = "<group>"; };
		6B45718E15B27671007AC75A /* b2DynamicTree.h */ = {isa = PBXFileReference; fileEncoding = 4; lastKnownFileType = sourcecode.c.h; path = b2DynamicTree.h; sourceTree = "<group>"; };
		6B45718F15B27671007AC75A /* b2TimeOfImpact.cpp */ = {isa = PBXFileReference; fileEncoding = 4; lastKnownFileType = sourcecode.cpp.cpp; path = b2TimeOfImpact.cpp; sourceTree = "<group>"; };
		6B45719015B27671007AC75A /* b2TimeOfImpact.h */ = {isa = PBXFileReference; fileEncoding = 4; lastKnownFileType = sourcecode.c.h; path = b2TimeOfImpact.h; sourceTree = "<group>"; };
		6B45719215B27671007AC75A /* b2ChainShape.cpp */ = {isa = PBXFileReference; fileEncoding = 4; lastKnownFileType = sourcecode.cpp.cpp; path = b2ChainShape.cpp; sourceTree = "<group>"; };
		6B45719315B27671007AC75A /* b2ChainShape.h */ = {isa = PBXFileReference; fileEncoding = 4; lastKnownFileType = sourcecode.c.h; path = b2ChainShape.h; sourceTree = "<group>"; };
		6B45719415B27671007AC75A /* b2CircleShape.cpp */ = {isa = PBXFileReference; fileEncoding = 4; lastKnownFileType = sourcecode.cpp.cpp; path = b2CircleShape.cpp; sourceTree = "<group>"; };
		6B45719515B27671007AC75A /* b2CircleShape.h */ = {isa = PBXFileReference; fileEncoding = 4; lastKnownFileType = sourcecode.c.h; path = b2CircleShape.h; sourceTree = "<group>"; };
		6B45719615B27671007AC75A /* b2EdgeShape.cpp */ = {isa = PBXFileReference; fileEncoding = 4; lastKnownFileType = sourcecode.cpp.cpp; path = b2EdgeShape.cpp; sourceTree = "<group>"; };
		6B45719715B27671007AC75A /* b2EdgeShape.h */ = {isa = PBXFileReference; fileEncoding = 4; lastKnownFileType = sourcecode.c.h; path = b2EdgeShape.h; sourceTree = "<group>"; };
		6B45719815B27671007AC75A /* b2PolygonShape.cpp */ = {isa = PBXFileReference; fileEncoding = 4; lastKnownFileType = sourcecode.cpp.cpp; path = b2PolygonShape.cpp; sourceTree = "<group>"; };
		6B45719915B27671007AC75A /* b2PolygonShape.h */ = {isa = PBXFileReference; fileEncoding = 4; lastKnownFileType = sourcecode.c.h; path = b2PolygonShape.h; sourceTree = "<group>"; };
		6B45719A15B27671007AC75A /* b2Shape.h */ = {isa = PBXFileReference; fileEncoding = 4; lastKnownFileType = sourcecode.c.h; path = b2Shape.h; sourceTree = "<group>"; };
		6B45719C15B27671007AC75A /* b2BlockAllocator.cpp */ = {isa = PBXFileReference; fileEncoding = 4; lastKnownFileType = sourcecode.cpp.cpp; path = b2BlockAllocator.cpp; sourceTree = "<group>"; };
		6B45719D15B27671007AC75A /* b2BlockAllocator.h */ = {isa = PBXFileReference; fileEncoding = 4; lastKnownFileType = sourcecode.c.h; path = b2BlockAllocator.h; sourceTree = "<group>"; };
		6B45719E15B27671007AC75A /* b2Draw.cpp */ = {isa = PBXFileReference; fileEncoding = 4; lastKnownFileType = sourcecode.cpp.cpp; path = b2Draw.cpp; sourceTree = "<group>"; };
		6B45719F15B27671007AC75A /* b2Draw.h */ = {isa = PBXFileReference; fileEncoding = 4; lastKnownFileType = sourcecode.c.h; path = b2Draw.h; sourceTree = "<group>"; };
		6B4571A015B27671007AC75A /* b2GrowableStack.h */ = {isa = PBXFileReference; fileEncoding = 4; lastKnownFileType = sourcecode.c.h; path = b2GrowableStack.h; sourceTree = "<group>"; };
		6B4571A115B27671007AC75A /* b2Math.cpp */ = {isa = PBXFileReference; fileEncoding = 4; lastKnownFileType = sourcecode.cpp.cpp; path = b2Math.cpp; sourceTree = "<group>"; };
		6B4571A215B27671007AC75A /* b2Math.h */ = {isa = PBXFileReference; fileEncoding = 4; lastKnownFileType = sourcecode.c.h; path = b2Math.h; sourceTree = "<group>"; };
		6B4571A315B27671007AC75A /* b2Settings.cpp */ = {isa = PBXFileReference; fileEncoding = 4; lastKnownFileType = sourcecode.cpp.cpp; path = b2Settings.cpp; sourceTree = "<group>"; };
		6B4571A415B27671007AC75A /* b2Settings.h */ = {isa = PBXFileReference; fileEncoding = 4; lastKnownFileType = sourcecode.c.h; path = b2Settings.h; sourceTree = "<group>"; };
		6B4571A515B27671007AC75A /* b2StackAllocator.cpp */ = {isa = PBXFileReference; fileEncoding = 4; lastKnownFileType = sourcecode.cpp.cpp; path = b2StackAllocator.cpp; sourceTree = "<group>"; };
		6B4571A615B27671007AC75A /* b2StackAllocator.h */ = {isa = PBXFileReference; fileEncoding = 4; lastKnownFileType = sourcecode.c.h; path = b2StackAllocator.h; sourceTree = "<group>"; };
		6B4571A715B27671007AC75A /* b2Timer.cpp */ = {isa = PBXFileReference; fileEncoding = 4; lastKnownFileType = sourcecode.cpp.cpp; path = b2Timer.cpp; sourceTree = "<group>"; };
		6B4571A815B27671007AC75A /* b2Timer.h */ = {isa = PBXFileReference; fileEncoding = 4; lastKnownFileType = sourcecode.c.h; path = b2Timer.h; sourceTree = "<group>"; };
		6B4571AA15B27671007AC75A /* b2Body.cpp */ = {isa = PBXFileReference; fileEncoding = 4; lastKnownFileType = sourcecode.cpp.cpp; path = b2Body.cpp; sourceTree = "<group>"; };
		6B4571AB15B27671007AC75A /* b2Body.h */ = {isa = PBXFileReference; fileEncoding = 4; lastKnownFileType = sourcecode.c.h; path = b2Body.h; sourceTree = "<group>"; };
		6B4571AC15B27671007AC75A /* b2ContactManager.cpp */ = {isa = PBXFileReference; fileEncoding = 4; lastKnownFileType = sourcecode.cpp.cpp; path = b2ContactManager.cpp; sourceTree = "<group>"; };
		6B4571AD15B27671007AC75A /* b2ContactManager.h */ = {isa = PBXFileReference; fileEncoding = 4; lastKnownFileType = sourcecode.c.h; path = b2ContactManager.h; sourceTree = "<group>"; };
		6B4571AE15B27671007AC75A /* b2Fixture.cpp */ = {isa = PBXFileReference; fileEncoding = 4; lastKnownFileType = sourcecode.cpp.cpp; path = b2Fixture.cpp; sourceTree = "<group>"; };
		6B4571AF15B27671007AC75A /* b2Fixture.h */ = {isa = PBXFileReference; fileEncoding = 4; lastKnownFileType = sourcecode.c.h; path = b2Fixture.h; sourceTree = "<group>"; };
		6B4571B015B27671007AC75A /* b2Island.cpp */ = {isa = PBXFileReference; fileEncoding = 4; lastKnownFileType = sourcecode.cpp.cpp; path = b2Island.cpp; sourceTree = "<group>"; };
		6B4571B115B27671007AC75A /* b2Island.h */ = {isa = PBXFileReference; fileEncoding = 4; lastKnownFileType = sourcecode.c.h; path = b2Island.h; sourceTree = "<group>"; };
		6B4571B215B27671007AC75A /* b2TimeStep.h */ = {isa = PBXFileReference; fileEncoding = 4; lastKnownFileType = sourcecode.c.h; path = b2TimeStep.h; sourceTree = "<group>"; };
		6B4571B315B27671007AC75A /* b2World.cpp */ = {isa = PBXFileReference; fileEncoding = 4; lastKnownFileType = sourcecode.cpp.cpp; path = b2World.cpp; sourceTree = "<group>"; };
		6B4571B415B27671007AC75A /* b2World.h */ = {isa = PBXFileReference; fileEncoding = 4; lastKnownFileType = sourcecode.c.h; path = b2World.h; sourceTree = "<group>"; };
		6B4571B515B27671007AC75A /* b2WorldCallbacks.cpp */ = {isa = PBXFileReference; fileEncoding = 4; lastKnownFileType = sourcecode.cpp.cpp; path = b2WorldCallbacks.cpp; sourceTree = "<group>"; };
		6B4571B615B27671007AC75A /* b2WorldCallbacks.h */ = {isa = PBXFileReference; fileEncoding = 4; lastKnownFileType = sourcecode.c.h; path = b2WorldCallbacks.h; sourceTree = "<group>"; };
		6B4571B815B27671007AC75A /* b2ChainAndCircleContact.cpp */ = {isa = PBXFileReference; fileEncoding = 4; lastKnownFileType = sourcecode.cpp.cpp; path = b2ChainAndCircleContact.cpp; sourceTree = "<group>"; };
		6B4571B915B27671007AC75A /* b2ChainAndCircleContact.h */ = {isa = PBXFileReference; fileEncoding = 4; lastKnownFileType = sourcecode.c.h; path = b2ChainAndCircleContact.h; sourceTree = "<group>"; };
		6B4571BA15B27671007AC75A /* b2ChainAndPolygonContact.cpp */ = {isa = PBXFileReference; fileEncoding = 4; lastKnownFileType = sourcecode.cpp.cpp; path = b2ChainAndPolygonContact.cpp; sourceTree = "<group>"; };
		6B4571BB15B27671007AC75A /* b2ChainAndPolygonContact.h */ = {isa = PBXFileReference; fileEncoding = 4; lastKnownFileType = sourcecode.c.h; path = b2ChainAndPolygonContact.h; sourceTree = "<group>"; };
		6B4571BC15B27671007AC75A /* b2CircleContact.cpp */ = {isa = PBXFileReference; fileEncoding = 4; lastKnownFileType = sourcecode.cpp.cpp; path = b2CircleContact.cpp; sourceTree = "<group>"; };
		6B4571BD15B27671007AC75A /* b2CircleContact.h */ = {isa = PBXFileReference; fileEncoding = 4; lastKnownFileType = sourcecode.c.h; path = b2CircleContact.h; sourceTree = "<group>"; };
		6B4571BE15B27671007AC75A /* b2Contact.cpp */ = {isa = PBXFileReference; fileEncoding = 4; lastKnownFileType = sourcecode.cpp.cpp; path = b2Contact.cpp; sourceTree = "<group>"; };
		6B4571BF15B27671007AC75A /* b2Contact.h */ = {isa = PBXFileReference; fileEncoding = 4; lastKnownFileType = sourcecode.c.h; path = b2Contact.h; sourceTree = "<group>"; };
		6B4571C015B27671007AC75A /* b2ContactSolver.cpp */ = {isa = PBXFileReference; fileEncoding = 4; lastKnownFileType = sourcecode.cpp.cpp; path = b2ContactSolver.cpp; sourceTree = "<group>"; };
		6B4571C115B27671007AC75A /* b2ContactSolver.h */ = {isa = PBXFileReference; fileEncoding = 4; lastKnownFileType = sourcecode.c.h; path = b2ContactSolver.h; sourceTree = "<group>"; };
		6B4571C215B27671007AC75A /* b2EdgeAndCircleContact.cpp */ = {isa = PBXFileReference; fileEncoding = 4; lastKnownFileType = sourcecode.cpp.cpp; path = b2EdgeAndCircleContact.cpp; sourceTree = "<group>"; };
		6B4571C315B27671007AC75A /* b2EdgeAndCircleContact.h */ = {isa = PBXFileReference; fileEncoding = 4; lastKnownFileType = sourcecode.c.h; path = b2EdgeAndCircleContact.h; sourceTree = "<group>"; };
		6B4571C415B27671007AC75A /* b2EdgeAndPolygonContact.cpp */ = {isa = PBXFileReference; fileEncoding = 4; lastKnownFileType = sourcecode.cpp.cpp; path = b2EdgeAndPolygonContact.cpp; sourceTree = "<group>"; };
		6B4571C515B27671007AC75A /* b2EdgeAndPolygonContact.h */ = {isa = PBXFileReference; fileEncoding = 4; lastKnownFileType = sourcecode.c.h; path = b2EdgeAndPolygonContact.h; sourceTree = "<group>"; };
		6B4571C615B27671007AC75A /* b2PolygonAndCircleContact.cpp */ = {isa = PBXFileReference; fileEncoding = 4; lastKnownFileType = sourcecode.cpp.cpp; path = b2PolygonAndCircleContact.cpp; sourceTree = "<group>"; };
		6B4571C715B27671007AC75A /* b2PolygonAndCircleContact.h */ = {isa = PBXFileReference; fileEncoding = 4; lastKnownFileType = sourcecode.c.h; path = b2PolygonAndCircleContact.h; sourceTree = "<group>"; };
		6B4571C815B27671007AC75A /* b2PolygonContact.cpp */ = {isa = PBXFileReference; fileEncoding = 4; lastKnownFileType = sourcecode.cpp.cpp; path = b2PolygonContact.cpp; sourceTree = "<group>"; };
		6B4571C915B27671007AC75A /* b2PolygonContact.h */ = {isa = PBXFileReference; fileEncoding = 4; lastKnownFileType = sourcecode.c.h; path = b2PolygonContact.h; sourceTree = "<group>"; };
		6B4571CB15B27671007AC75A /* b2DistanceJoint.cpp */ = {isa = PBXFileReference; fileEncoding = 4; lastKnownFileType = sourcecode.cpp.cpp; path = b2DistanceJoint.cpp; sourceTree = "<group>"; };
		6B4571CC15B27671007AC75A /* b2DistanceJoint.h */ = {isa = PBXFileReference; fileEncoding = 4; lastKnownFileType = sourcecode.c.h; path = b2DistanceJoint.h; sourceTree = "<group>"; };
		6B4571CD15B27671007AC75A /* b2FrictionJoint.cpp */ = {isa = PBXFileReference; fileEncoding = 4; lastKnownFileType = sourcecode.cpp.cpp; path = b2FrictionJoint.cpp; sourceTree = "<group>"; };
		6B4571CE15B27671007AC75A /* b2FrictionJoint.h */ = {isa = PBXFileReference; fileEncoding = 4; lastKnownFileType = sourcecode.c.h; path = b2FrictionJoint.h; sourceTree = "<group>"; };
		6B4571CF15B27671007AC75A /* b2GearJoint.cpp */ = {isa = PBXFileReference; fileEncoding = 4; lastKnownFileType = sourcecode.cpp.cpp; path = b2GearJoint.cpp; sourceTree = "<group>"; };
		6B4571D015B27671007AC75A /* b2GearJoint.h */ = {isa = PBXFileReference; fileEncoding = 4; lastKnownFileType = sourcecode.c.h; path = b2GearJoint.h; sourceTree = "<group>"; };
		6B4571D115B27671007AC75A /* b2Joint.cpp */ = {isa = PBXFileReference; fileEncoding = 4; lastKnownFileType = sourcecode.cpp.cpp; path = b2Joint.cpp; sourceTree = "<group>"; };
		6B4571D215B27671007AC75A /* b2Joint.h */ = {isa = PBXFileReference; fileEncoding = 4; lastKnownFileType = sourcecode.c.h; path = b2Joint.h; sourceTree = "<group>"; };
		6B4571D315B27671007AC75A /* b2MouseJoint.cpp */ = {isa = PBXFileReference; fileEncoding = 4; lastKnownFileType = sourcecode.cpp.cpp; path = b2MouseJoint.cpp; sourceTree = "<group>"; };
		6B4571D415B27671007AC75A /* b2MouseJoint.h */ = {isa = PBXFileReference; fileEncoding = 4; lastKnownFileType = sourcecode.c.h; path = b2MouseJoint.h; sourceTree = "<group>"; };
		6B4571D515B27671007AC75A /* b2PrismaticJoint.cpp */ = {isa = PBXFileReference; fileEncoding = 4; lastKnownFileType = sourcecode.cpp.cpp; path = b2PrismaticJoint.cpp; sourceTree = "<group>"; };
		6B4571D615B27671007AC75A /* b2PrismaticJoint.h */ = {isa = PBXFileReference; fileEncoding = 4; lastKnownFileType = sourcecode.c.h; path = b2PrismaticJoint.h; sourceTree = "<group>"; };
		6B4571D715B27671007AC75A /* b2PulleyJoint.cpp */ = {isa = PBXFileReference; fileEncoding = 4; lastKnownFileType = sourcecode.cpp.cpp; path = b2PulleyJoint.cpp; sourceTree = "<group>"; };
		6B4571D815B27671007AC75A /* b2PulleyJoint.h */ = {isa = PBXFileReference; fileEncoding = 4; lastKnownFileType = sourcecode.c.h; path = b2PulleyJoint.h; sourceTree = "<group>"; };
		6B4571D915B27671007AC75A /* b2RevoluteJoint.cpp */ = {isa = PBXFileReference; fileEncoding = 4; lastKnownFileType = sourcecode.cpp.cpp; path = b2RevoluteJoint.cpp; sourceTree = "<group>"; };
		6B4571DA15B27671007AC75A /* b2RevoluteJoint.h */ = {isa = PBXFileReference; fileEncoding = 4; lastKnownFileType = sourcecode.c.h; path = b2RevoluteJoint.h; sourceTree = "<group>"; };
		6B4571DB15B27671007AC75A /* b2RopeJoint.cpp */ = {isa = PBXFileReference; fileEncoding = 4; lastKnownFileType = sourcecode.cpp.cpp; path = b2RopeJoint.cpp; sourceTree = "<group>"; };
		6B4571DC15B27671007AC75A /* b2RopeJoint.h */ = {isa = PBXFileReference; fileEncoding = 4; lastKnownFileType = sourcecode.c.h; path = b2RopeJoint.h; sourceTree = "<group>"; };
		6B4571DD15B27671007AC75A /* b2WeldJoint.cpp */ = {isa = PBXFileReference; fileEncoding = 4; lastKnownFileType = sourcecode.cpp.cpp; path = b2WeldJoint.cpp; sourceTree = "<group>"; };
		6B4571DE15B27671007AC75A /* b2WeldJoint.h */ = {isa = PBXFileReference; fileEncoding = 4; lastKnownFileType = sourcecode.c.h; path = b2WeldJoint.h; sourceTree = "<group>"; };
		6B4571DF15B27671007AC75A /* b2WheelJoint.cpp */ = {isa = PBXFileReference; fileEncoding = 4; lastKnownFileType = sourcecode.cpp.cpp; path = b2WheelJoint.cpp; sourceTree = "<group>"; };
		6B4571E015B27671007AC75A /* b2WheelJoint.h */ = {isa = PBXFileReference; fileEncoding = 4; lastKnownFileType = sourcecode.c.h; path = b2WheelJoint.h; sourceTree = "<group>"; };
		6B4571E215B27671007AC75A /* b2Rope.cpp */ = {isa = PBXFileReference; fileEncoding = 4; lastKnownFileType = sourcecode.cpp.cpp; path = b2Rope.cpp; sourceTree = "<group>"; };
		6B4571E315B27671007AC75A /* b2Rope.h */ = {isa = PBXFileReference; fileEncoding = 4; lastKnownFileType = sourcecode.c.h; path = b2Rope.h; sourceTree = "<group>"; };
/* End PBXFileReference section */

/* Begin PBXFrameworksBuildPhase section */
		6B4570C315B27337007AC75A /* Frameworks */ = {
			isa = PBXFrameworksBuildPhase;
			buildActionMask = 2147483647;
			files = (
			);
			runOnlyForDeploymentPostprocessing = 0;
		};
/* End PBXFrameworksBuildPhase section */

/* Begin PBXGroup section */
		6B4570BB15B27337007AC75A = {
			isa = PBXGroup;
			children = (
				6B4570CF15B27337007AC75A /* Box2D */,
				6B4570C815B27337007AC75A /* Frameworks */,
				6B4570C715B27337007AC75A /* Products */,
			);
			sourceTree = "<group>";
		};
		6B4570C715B27337007AC75A /* Products */ = {
			isa = PBXGroup;
			children = (
				6B4570C615B27337007AC75A /* Box2D.framework */,
			);
			name = Products;
			sourceTree = "<group>";
		};
		6B4570C815B27337007AC75A /* Frameworks */ = {
			isa = PBXGroup;
			children = (
			);
			name = Frameworks;
			sourceTree = "<group>";
		};
		6B4570CF15B27337007AC75A /* Box2D */ = {
			isa = PBXGroup;
			children = (
				6B45717F15B27671007AC75A /* Box2D */,
				6B4570D015B27337007AC75A /* Supporting Files */,
			);
			path = Box2D;
			sourceTree = "<group>";
		};
		6B4570D015B27337007AC75A /* Supporting Files */ = {
			isa = PBXGroup;
			children = (
				6B4570D115B27337007AC75A /* Box2D-Info.plist */,
				6B4570D215B27337007AC75A /* InfoPlist.strings */,
				6B4570D515B27337007AC75A /* Box2D-Prefix.pch */,
			);
			name = "Supporting Files";
			sourceTree = "<group>";
		};
		6B45717F15B27671007AC75A /* Box2D */ = {
			isa = PBXGroup;
			children = (
				6B45718015B27671007AC75A /* Box2D.h */,
				6B45718115B27671007AC75A /* Box2DConfig.cmake */,
				6B45718215B27671007AC75A /* CMakeLists.txt */,
				6B45718315B27671007AC75A /* Collision */,
				6B45719B15B27671007AC75A /* Common */,
				6B4571A915B27671007AC75A /* Dynamics */,
				6B4571E115B27671007AC75A /* Rope */,
			);
			name = Box2D;
			path = ../../../sources/Box2D_v2.2.1/Box2D;
			sourceTree = "<group>";
		};
		6B45718315B27671007AC75A /* Collision */ = {
			isa = PBXGroup;
			children = (
				6B45718415B27671007AC75A /* b2BroadPhase.cpp */,
				6B45718515B27671007AC75A /* b2BroadPhase.h */,
				6B45718615B27671007AC75A /* b2CollideCircle.cpp */,
				6B45718715B27671007AC75A /* b2CollideEdge.cpp */,
				6B45718815B27671007AC75A /* b2CollidePolygon.cpp */,
				6B45718915B27671007AC75A /* b2Collision.cpp */,
				6B45718A15B27671007AC75A /* b2Collision.h */,
				6B45718B15B27671007AC75A /* b2Distance.cpp */,
				6B45718C15B27671007AC75A /* b2Distance.h */,
				6B45718D15B27671007AC75A /* b2DynamicTree.cpp */,
				6B45718E15B27671007AC75A /* b2DynamicTree.h */,
				6B45718F15B27671007AC75A /* b2TimeOfImpact.cpp */,
				6B45719015B27671007AC75A /* b2TimeOfImpact.h */,
				6B45719115B27671007AC75A /* Shapes */,
			);
			path = Collision;
			sourceTree = "<group>";
		};
		6B45719115B27671007AC75A /* Shapes */ = {
			isa = PBXGroup;
			children = (
				6B45719215B27671007AC75A /* b2ChainShape.cpp */,
				6B45719315B27671007AC75A /* b2ChainShape.h */,
				6B45719415B27671007AC75A /* b2CircleShape.cpp */,
				6B45719515B27671007AC75A /* b2CircleShape.h */,
				6B45719615B27671007AC75A /* b2EdgeShape.cpp */,
				6B45719715B27671007AC75A /* b2EdgeShape.h */,
				6B45719815B27671007AC75A /* b2PolygonShape.cpp */,
				6B45719915B27671007AC75A /* b2PolygonShape.h */,
				6B45719A15B27671007AC75A /* b2Shape.h */,
			);
			path = Shapes;
			sourceTree = "<group>";
		};
		6B45719B15B27671007AC75A /* Common */ = {
			isa = PBXGroup;
			children = (
				6B45719C15B27671007AC75A /* b2BlockAllocator.cpp */,
				6B45719D15B27671007AC75A /* b2BlockAllocator.h */,
				6B45719E15B27671007AC75A /* b2Draw.cpp */,
				6B45719F15B27671007AC75A /* b2Draw.h */,
				6B4571A015B27671007AC75A /* b2GrowableStack.h */,
				6B4571A115B27671007AC75A /* b2Math.cpp */,
				6B4571A215B27671007AC75A /* b2Math.h */,
				6B4571A315B27671007AC75A /* b2Settings.cpp */,
				6B4571A415B27671007AC75A /* b2Settings.h */,
				6B4571A515B27671007AC75A /* b2StackAllocator.cpp */,
				6B4571A615B27671007AC75A /* b2StackAllocator.h */,
				6B4571A715B27671007AC75A /* b2Timer.cpp */,
				6B4571A815B27671007AC75A /* b2Timer.h */,
			);
			path = Common;
			sourceTree = "<group>";
		};
		6B4571A915B27671007AC75A /* Dynamics */ = {
			isa = PBXGroup;
			children = (
				6B4571AA15B27671007AC75A /* b2Body.cpp */,
				6B4571AB15B27671007AC75A /* b2Body.h */,
				6B4571AC15B27671007AC75A /* b2ContactManager.cpp */,
				6B4571AD15B27671007AC75A /* b2ContactManager.h */,
				6B4571AE15B27671007AC75A /* b2Fixture.cpp */,
				6B4571AF15B27671007AC75A /* b2Fixture.h */,
				6B4571B015B27671007AC75A /* b2Island.cpp */,
				6B4571B115B27671007AC75A /* b2Island.h */,
				6B4571B215B27671007AC75A /* b2TimeStep.h */,
				6B4571B315B27671007AC75A /* b2World.cpp */,
				6B4571B415B27671007AC75A /* b2World.h */,
				6B4571B515B27671007AC75A /* b2WorldCallbacks.cpp */,
				6B4571B615B27671007AC75A /* b2WorldCallbacks.h */,
				6B4571B715B27671007AC75A /* Contacts */,
				6B4571CA15B27671007AC75A /* Joints */,
			);
			path = Dynamics;
			sourceTree = "<group>";
		};
		6B4571B715B27671007AC75A /* Contacts */ = {
			isa = PBXGroup;
			children = (
				6B4571B815B27671007AC75A /* b2ChainAndCircleContact.cpp */,
				6B4571B915B27671007AC75A /* b2ChainAndCircleContact.h */,
				6B4571BA15B27671007AC75A /* b2ChainAndPolygonContact.cpp */,
				6B4571BB15B27671007AC75A /* b2ChainAndPolygonContact.h */,
				6B4571BC15B27671007AC75A /* b2CircleContact.cpp */,
				6B4571BD15B27671007AC75A /* b2CircleContact.h */,
				6B4571BE15B27671007AC75A /* b2Contact.cpp */,
				6B4571BF15B27671007AC75A /* b2Contact.h */,
				6B4571C015B27671007AC75A /* b2ContactSolver.cpp */,
				6B4571C115B27671007AC75A /* b2ContactSolver.h */,
				6B4571C215B27671007AC75A /* b2EdgeAndCircleContact.cpp */,
				6B4571C315B27671007AC75A /* b2EdgeAndCircleContact.h */,
				6B4571C415B27671007AC75A /* b2EdgeAndPolygonContact.cpp */,
				6B4571C515B27671007AC75A /* b2EdgeAndPolygonContact.h */,
				6B4571C615B27671007AC75A /* b2PolygonAndCircleContact.cpp */,
				6B4571C715B27671007AC75A /* b2PolygonAndCircleContact.h */,
				6B4571C815B27671007AC75A /* b2PolygonContact.cpp */,
				6B4571C915B27671007AC75A /* b2PolygonContact.h */,
			);
			path = Contacts;
			sourceTree = "<group>";
		};
		6B4571CA15B27671007AC75A /* Joints */ = {
			isa = PBXGroup;
			children = (
				6B4571CB15B27671007AC75A /* b2DistanceJoint.cpp */,
				6B4571CC15B27671007AC75A /* b2DistanceJoint.h */,
				6B4571CD15B27671007AC75A /* b2FrictionJoint.cpp */,
				6B4571CE15B27671007AC75A /* b2FrictionJoint.h */,
				6B4571CF15B27671007AC75A /* b2GearJoint.cpp */,
				6B4571D015B27671007AC75A /* b2GearJoint.h */,
				6B4571D115B27671007AC75A /* b2Joint.cpp */,
				6B4571D215B27671007AC75A /* b2Joint.h */,
				6B4571D315B27671007AC75A /* b2MouseJoint.cpp */,
				6B4571D415B27671007AC75A /* b2MouseJoint.h */,
				6B4571D515B27671007AC75A /* b2PrismaticJoint.cpp */,
				6B4571D615B27671007AC75A /* b2PrismaticJoint.h */,
				6B4571D715B27671007AC75A /* b2PulleyJoint.cpp */,
				6B4571D815B27671007AC75A /* b2PulleyJoint.h */,
				6B4571D915B27671007AC75A /* b2RevoluteJoint.cpp */,
				6B4571DA15B27671007AC75A /* b2RevoluteJoint.h */,
				6B4571DB15B27671007AC75A /* b2RopeJoint.cpp */,
				6B4571DC15B27671007AC75A /* b2RopeJoint.h */,
				6B4571DD15B27671007AC75A /* b2WeldJoint.cpp */,
				6B4571DE15B27671007AC75A /* b2WeldJoint.h */,
				6B4571DF15B27671007AC75A /* b2WheelJoint.cpp */,
				6B4571E015B27671007AC75A /* b2WheelJoint.h */,
			);
			path = Joints;
			sourceTree = "<group>";
		};
		6B4571E115B27671007AC75A /* Rope */ = {
			isa = PBXGroup;
			children = (
				6B4571E215B27671007AC75A /* b2Rope.cpp */,
				6B4571E315B27671007AC75A /* b2Rope.h */,
			);
			path = Rope;
			sourceTree = "<group>";
		};
/* End PBXGroup section */

/* Begin PBXNativeTarget section */
		6B4570C515B27337007AC75A /* Box2D */ = {
			isa = PBXNativeTarget;
			buildConfigurationList = 6B4570D815B27337007AC75A /* Build configuration list for PBXNativeTarget "Box2D" */;
			buildPhases = (
				6B4570C215B27337007AC75A /* Sources */,
				6B4570C315B27337007AC75A /* Frameworks */,
				6B4570C415B27337007AC75A /* Resources */,
			);
			buildRules = (
			);
			dependencies = (
			);
			name = Box2D;
			productName = Box2D;
			productReference = 6B4570C615B27337007AC75A /* Box2D.framework */;
			productType = "com.apple.product-type.bundle";
		};
/* End PBXNativeTarget section */

/* Begin PBXProject section */
		6B4570BD15B27337007AC75A /* Project object */ = {
			isa = PBXProject;
			attributes = {
				LastUpgradeCheck = 0430;
			};
			buildConfigurationList = 6B4570C015B27337007AC75A /* Build configuration list for PBXProject "Box2D" */;
			compatibilityVersion = "Xcode 3.2";
			developmentRegion = English;
			hasScannedForEncodings = 0;
			knownRegions = (
				en,
			);
			mainGroup = 6B4570BB15B27337007AC75A;
			productRefGroup = 6B4570C715B27337007AC75A /* Products */;
			projectDirPath = "";
			projectRoot = "";
			targets = (
				6B4570C515B27337007AC75A /* Box2D */,
				6B45717715B2757A007AC75A /* Universal */,
			);
		};
/* End PBXProject section */

/* Begin PBXResourcesBuildPhase section */
		6B4570C415B27337007AC75A /* Resources */ = {
			isa = PBXResourcesBuildPhase;
			buildActionMask = 2147483647;
			files = (
				6B4571E415B27671007AC75A /* Box2DConfig.cmake in Resources */,
				6B4571E515B27671007AC75A /* CMakeLists.txt in Resources */,
			);
			runOnlyForDeploymentPostprocessing = 0;
		};
/* End PBXResourcesBuildPhase section */

/* Begin PBXShellScriptBuildPhase section */
		6B45717B15B27582007AC75A /* ShellScript */ = {
			isa = PBXShellScriptBuildPhase;
			buildActionMask = 2147483647;
			files = (
			);
			inputPaths = (
			);
			outputPaths = (
			);
			runOnlyForDeploymentPostprocessing = 0;
			shellPath = /bin/sh;
			shellScript = "# Sets the target folders and the final framework product.\nFMK_NAME=Box2D\nFMK_VERSION=A\n\n# Install dir will be the final output to the framework.\n# The following line create it in the root folder of the current project.\nINSTALL_DIR=${SRCROOT}/Products/${FMK_NAME}.framework\n\n# Working dir will be deleted after the framework creation.\nWRK_DIR=build\nDEVICE_DIR=${WRK_DIR}/Release/${FMK_NAME}.framework\n#SIMULATOR_DIR=${WRK_DIR}/Release-iphonesimulator/${FMK_NAME}.framework\n\n# Building both architectures.\nxcodebuild -configuration \"Release\" -target \"${FMK_NAME}\" -arch i386 -sdk macosx10.8\nmkdir -p \"${WRK_DIR}/i386\"\ncp \"${WRK_DIR}/Release/${FMK_NAME}.framework/Contents/MacOS/${FMK_NAME}\" \"${WRK_DIR}/i386/\"\nxcodebuild -configuration \"Release\" -target \"${FMK_NAME}\" -arch x86_64 -sdk macosx10.8\nmkdir -p \"${WRK_DIR}/x86_64\"\ncp \"${WRK_DIR}/Release/${FMK_NAME}.framework/Contents/MacOS/${FMK_NAME}\" \"${WRK_DIR}/x86_64/\"\n\n# Cleaning the oldest.\nif [ -d \"${INSTALL_DIR}\" ]\nthen\nrm -rf \"${INSTALL_DIR}\"\nfi\n\n# Creates and renews the final product folder.\nmkdir -p \"${INSTALL_DIR}\"\nmkdir -p \"${INSTALL_DIR}/Versions\"\nmkdir -p \"${INSTALL_DIR}/Versions/${FMK_VERSION}\"\nmkdir -p \"${INSTALL_DIR}/Versions/${FMK_VERSION}/Resources\"\nmkdir -p \"${INSTALL_DIR}/Versions/${FMK_VERSION}/Headers\"\n\n# Creates the internal links.\n# It MUST uses relative path, otherwise will not work when the folder is copied/moved.\nln -s \"${FMK_VERSION}\" \"${INSTALL_DIR}/Versions/Current\"\nln -s \"Versions/Current/Headers\" \"${INSTALL_DIR}/Headers\"\nln -s \"Versions/Current/Resources\" \"${INSTALL_DIR}/Resources\"\nln -s \"Versions/Current/${FMK_NAME}\" \"${INSTALL_DIR}/${FMK_NAME}\"\n\n# Copies the headers and resources files to the final product folder.\n#cp -R \"${DEVICE_DIR}/Headers/\" \"${INSTALL_DIR}/Versions/${FMK_VERSION}/Headers/\"\n#cp -R \"${DEVICE_DIR}/\" \"${INSTALL_DIR}/Versions/${FMK_VERSION}/Resources/\"\n\ncp -R \"${SRCROOT}/../../sources/Box2D_v2.2.1/Box2D/\" \"${INSTALL_DIR}/Versions/${FMK_VERSION}/Headers/\"\nfind \"${INSTALL_DIR}/Versions/${FMK_VERSION}/Headers/\" -name *.cpp -exec rm {} \\;\nrm \"${INSTALL_DIR}/Versions/${FMK_VERSION}/Headers/Box2DConfig.cmake\"\nrm \"${INSTALL_DIR}/Versions/${FMK_VERSION}/Headers/CMakeLists.txt\"\n\n# Removes the binary and header from the resources folder.\n#rm -r \"${INSTALL_DIR}/Versions/${FMK_VERSION}/Resources/Headers\" \"${INSTALL_DIR}/Versions/${FMK_VERSION}/Resources/${FMK_NAME}\"\n\n# Uses the Lipo Tool to merge both binary files (i386 + armv6/armv7) into one Universal final product.\nlipo -create \"${WRK_DIR}/i386/${FMK_NAME}\" \"${WRK_DIR}/x86_64/${FMK_NAME}\" -output \"${INSTALL_DIR}/Versions/${FMK_VERSION}/${FMK_NAME}\"\n\nrm -r \"${WRK_DIR}\"";
		};
/* End PBXShellScriptBuildPhase section */

/* Begin PBXSourcesBuildPhase section */
		6B4570C215B27337007AC75A /* Sources */ = {
			isa = PBXSourcesBuildPhase;
			buildActionMask = 2147483647;
			files = (
				6B4571E615B27671007AC75A /* b2BroadPhase.cpp in Sources */,
				6B4571E715B27671007AC75A /* b2CollideCircle.cpp in Sources */,
				6B4571E815B27671007AC75A /* b2CollideEdge.cpp in Sources */,
				6B4571E915B27671007AC75A /* b2CollidePolygon.cpp in Sources */,
				6B4571EA15B27671007AC75A /* b2Collision.cpp in Sources */,
				6B4571EB15B27671007AC75A /* b2Distance.cpp in Sources */,
				6B4571EC15B27671007AC75A /* b2DynamicTree.cpp in Sources */,
				6B4571ED15B27671007AC75A /* b2TimeOfImpact.cpp in Sources */,
				6B4571EE15B27671007AC75A /* b2ChainShape.cpp in Sources */,
				6B4571EF15B27671007AC75A /* b2CircleShape.cpp in Sources */,
				6B4571F015B27671007AC75A /* b2EdgeShape.cpp in Sources */,
				6B4571F115B27671007AC75A /* b2PolygonShape.cpp in Sources */,
				6B4571F215B27671007AC75A /* b2BlockAllocator.cpp in Sources */,
				6B4571F315B27671007AC75A /* b2Draw.cpp in Sources */,
				6B4571F415B27671007AC75A /* b2Math.cpp in Sources */,
				6B4571F515B27671007AC75A /* b2Settings.cpp in Sources */,
				6B4571F615B27671007AC75A /* b2StackAllocator.cpp in Sources */,
				6B4571F715B27671007AC75A /* b2Timer.cpp in Sources */,
				6B4571F815B27671007AC75A /* b2Body.cpp in Sources */,
				6B4571F915B27671007AC75A /* b2ContactManager.cpp in Sources */,
				6B4571FA15B27671007AC75A /* b2Fixture.cpp in Sources */,
				6B4571FB15B27671007AC75A /* b2Island.cpp in Sources */,
				6B4571FC15B27671007AC75A /* b2World.cpp in Sources */,
				6B4571FD15B27671007AC75A /* b2WorldCallbacks.cpp in Sources */,
				6B4571FE15B27671007AC75A /* b2ChainAndCircleContact.cpp in Sources */,
				6B4571FF15B27671007AC75A /* b2ChainAndPolygonContact.cpp in Sources */,
				6B45720015B27671007AC75A /* b2CircleContact.cpp in Sources */,
				6B45720115B27671007AC75A /* b2Contact.cpp in Sources */,
				6B45720215B27671007AC75A /* b2ContactSolver.cpp in Sources */,
				6B45720315B27671007AC75A /* b2EdgeAndCircleContact.cpp in Sources */,
				6B45720415B27671007AC75A /* b2EdgeAndPolygonContact.cpp in Sources */,
				6B45720515B27671007AC75A /* b2PolygonAndCircleContact.cpp in Sources */,
				6B45720615B27671007AC75A /* b2PolygonContact.cpp in Sources */,
				6B45720715B27671007AC75A /* b2DistanceJoint.cpp in Sources */,
				6B45720815B27671007AC75A /* b2FrictionJoint.cpp in Sources */,
				6B45720915B27671007AC75A /* b2GearJoint.cpp in Sources */,
				6B45720A15B27671007AC75A /* b2Joint.cpp in Sources */,
				6B45720B15B27671007AC75A /* b2MouseJoint.cpp in Sources */,
				6B45720C15B27671007AC75A /* b2PrismaticJoint.cpp in Sources */,
				6B45720D15B27671007AC75A /* b2PulleyJoint.cpp in Sources */,
				6B45720E15B27671007AC75A /* b2RevoluteJoint.cpp in Sources */,
				6B45720F15B27671007AC75A /* b2RopeJoint.cpp in Sources */,
				6B45721015B27671007AC75A /* b2WeldJoint.cpp in Sources */,
				6B45721115B27671007AC75A /* b2WheelJoint.cpp in Sources */,
				6B45721215B27671007AC75A /* b2Rope.cpp in Sources */,
			);
			runOnlyForDeploymentPostprocessing = 0;
		};
/* End PBXSourcesBuildPhase section */

/* Begin PBXVariantGroup section */
		6B4570D215B27337007AC75A /* InfoPlist.strings */ = {
			isa = PBXVariantGroup;
			children = (
				6B4570D315B27337007AC75A /* en */,
			);
			name = InfoPlist.strings;
			sourceTree = "<group>";
		};
/* End PBXVariantGroup section */

/* Begin XCBuildConfiguration section */
		6B4570D615B27337007AC75A /* Debug */ = {
			isa = XCBuildConfiguration;
			buildSettings = {
				ALWAYS_SEARCH_USER_PATHS = NO;
				ARCHS = "$(ARCHS_STANDARD_64_BIT)";
				COPY_PHASE_STRIP = NO;
				GCC_C_LANGUAGE_STANDARD = gnu99;
				GCC_DYNAMIC_NO_PIC = NO;
				GCC_ENABLE_OBJC_EXCEPTIONS = YES;
				GCC_OPTIMIZATION_LEVEL = 0;
				GCC_PREPROCESSOR_DEFINITIONS = (
					"DEBUG=1",
					"$(inherited)",
				);
				GCC_SYMBOLS_PRIVATE_EXTERN = NO;
				GCC_VERSION = com.apple.compilers.llvm.clang.1_0;
				GCC_WARN_64_TO_32_BIT_CONVERSION = YES;
				GCC_WARN_ABOUT_RETURN_TYPE = YES;
				GCC_WARN_UNINITIALIZED_AUTOS = YES;
				GCC_WARN_UNUSED_VARIABLE = YES;
				MACOSX_DEPLOYMENT_TARGET = 10.7;
				ONLY_ACTIVE_ARCH = YES;
				SDKROOT = macosx;
			};
			name = Debug;
		};
		6B4570D715B27337007AC75A /* Release */ = {
			isa = XCBuildConfiguration;
			buildSettings = {
				ALWAYS_SEARCH_USER_PATHS = NO;
				ARCHS = "$(ARCHS_STANDARD_64_BIT)";
				COPY_PHASE_STRIP = YES;
				DEBUG_INFORMATION_FORMAT = "dwarf-with-dsym";
				GCC_C_LANGUAGE_STANDARD = gnu99;
				GCC_ENABLE_OBJC_EXCEPTIONS = YES;
				GCC_VERSION = com.apple.compilers.llvm.clang.1_0;
				GCC_WARN_64_TO_32_BIT_CONVERSION = YES;
				GCC_WARN_ABOUT_RETURN_TYPE = YES;
				GCC_WARN_UNINITIALIZED_AUTOS = YES;
				GCC_WARN_UNUSED_VARIABLE = YES;
				MACOSX_DEPLOYMENT_TARGET = 10.7;
				SDKROOT = macosx;
			};
			name = Release;
		};
		6B4570D915B27337007AC75A /* Debug */ = {
			isa = XCBuildConfiguration;
			buildSettings = {
				ARCHS = "$(ARCHS_STANDARD_32_64_BIT)";
				DEAD_CODE_STRIPPING = NO;
				GCC_PRECOMPILE_PREFIX_HEADER = NO;
				GCC_PREFIX_HEADER = "Box2D/Box2D-Prefix.pch";
				HEADER_SEARCH_PATHS = ../../sources/Box2D_v2.2.1;
				INFOPLIST_FILE = "";
				INFOPLIST_OUTPUT_FORMAT = "same-as-input";
				INSTALL_PATH = "$(LOCAL_LIBRARY_DIR)/Bundles";
				LINK_WITH_STANDARD_LIBRARIES = NO;
				MACH_O_TYPE = mh_object;
				MACOSX_DEPLOYMENT_TARGET = "";
				OTHER_LDFLAGS = "-ObjC";
				PLIST_FILE_OUTPUT_FORMAT = "same-as-input";
				PRODUCT_NAME = "$(TARGET_NAME)";
				SDKROOT = macosx;
				VALID_ARCHS = "i386 x86_64";
				WRAPPER_EXTENSION = framework;
			};
			name = Debug;
		};
		6B4570DA15B27337007AC75A /* Release */ = {
			isa = XCBuildConfiguration;
			buildSettings = {
				ARCHS = "$(ARCHS_STANDARD_32_64_BIT)";
				DEAD_CODE_STRIPPING = NO;
				GCC_OPTIMIZATION_LEVEL = 3;
				GCC_PRECOMPILE_PREFIX_HEADER = NO;
				GCC_PREFIX_HEADER = "Box2D/Box2D-Prefix.pch";
				HEADER_SEARCH_PATHS = ../../sources/Box2D_v2.2.1;
				INFOPLIST_FILE = "";
				INFOPLIST_OUTPUT_FORMAT = "same-as-input";
				INSTALL_PATH = "$(LOCAL_LIBRARY_DIR)/Bundles";
				LINK_WITH_STANDARD_LIBRARIES = NO;
				MACH_O_TYPE = mh_object;
				MACOSX_DEPLOYMENT_TARGET = "";
				OTHER_LDFLAGS = "-ObjC";
				PLIST_FILE_OUTPUT_FORMAT = "same-as-input";
				PRODUCT_NAME = "$(TARGET_NAME)";
				SDKROOT = macosx;
				VALID_ARCHS = "i386 x86_64";
				WRAPPER_EXTENSION = framework;
			};
			name = Release;
		};
		6B45717915B2757A007AC75A /* Debug */ = {
			isa = XCBuildConfiguration;
			buildSettings = {
				PRODUCT_NAME = "$(TARGET_NAME)";
			};
			name = Debug;
		};
		6B45717A15B2757A007AC75A /* Release */ = {
			isa = XCBuildConfiguration;
			buildSettings = {
				PRODUCT_NAME = "$(TARGET_NAME)";
			};
			name = Release;
		};
/* End XCBuildConfiguration section */

/* Begin XCConfigurationList section */
		6B4570C015B27337007AC75A /* Build configuration list for PBXProject "Box2D" */ = {
			isa = XCConfigurationList;
			buildConfigurations = (
				6B4570D615B27337007AC75A /* Debug */,
				6B4570D715B27337007AC75A /* Release */,
			);
			defaultConfigurationIsVisible = 0;
			defaultConfigurationName = Release;
		};
		6B4570D815B27337007AC75A /* Build configuration list for PBXNativeTarget "Box2D" */ = {
			isa = XCConfigurationList;
			buildConfigurations = (
				6B4570D915B27337007AC75A /* Debug */,
				6B4570DA15B27337007AC75A /* Release */,
			);
			defaultConfigurationIsVisible = 0;
			defaultConfigurationName = Release;
		};
		6B45717815B2757A007AC75A /* Build configuration list for PBXAggregateTarget "Universal" */ = {
			isa = XCConfigurationList;
			buildConfigurations = (
				6B45717915B2757A007AC75A /* Debug */,
				6B45717A15B2757A007AC75A /* Release */,
			);
			defaultConfigurationIsVisible = 0;
			defaultConfigurationName = Release;
		};
/* End XCConfigurationList section */
	};
	rootObject = 6B4570BD15B27337007AC75A /* Project object */;
}
